// !$*UTF8*$!
{
	archiveVersion = 1;
	classes = {
	};
	objectVersion = 56;
	objects = {

/* Begin PBXBuildFile section */
		9514FC0E2A2E7B3500137A65 /* RxCocoa in Frameworks */ = {isa = PBXBuildFile; productRef = 9514FC0D2A2E7B3500137A65 /* RxCocoa */; };
		9514FC102A2E7B3500137A65 /* RxRelay in Frameworks */ = {isa = PBXBuildFile; productRef = 9514FC0F2A2E7B3500137A65 /* RxRelay */; };
		9514FC122A2E7B3500137A65 /* RxSwift in Frameworks */ = {isa = PBXBuildFile; productRef = 9514FC112A2E7B3500137A65 /* RxSwift */; };
		9514FC142A2E7BCF00137A65 /* RxSwift in Frameworks */ = {isa = PBXBuildFile; productRef = 9514FC132A2E7BCF00137A65 /* RxSwift */; };
		951521A42948B62800FF6175 /* SnapKit in Frameworks */ = {isa = PBXBuildFile; productRef = 951521A32948B62800FF6175 /* SnapKit */; };
		951521A72948BDAF00FF6175 /* TextFieldContainer.swift in Sources */ = {isa = PBXBuildFile; fileRef = 951521A62948BDAF00FF6175 /* TextFieldContainer.swift */; };
		951521AA2948F7A900FF6175 /* SignUpViewController.swift in Sources */ = {isa = PBXBuildFile; fileRef = 951521A92948F7A900FF6175 /* SignUpViewController.swift */; };
		951521AC2948F7C100FF6175 /* SignUpView.swift in Sources */ = {isa = PBXBuildFile; fileRef = 951521AB2948F7C100FF6175 /* SignUpView.swift */; };
		951521AF2949FF1800FF6175 /* Coordinator.swift in Sources */ = {isa = PBXBuildFile; fileRef = 951521AE2949FF1800FF6175 /* Coordinator.swift */; };
		951521B1294A0EDC00FF6175 /* AppCoordinator.swift in Sources */ = {isa = PBXBuildFile; fileRef = 951521B0294A0EDC00FF6175 /* AppCoordinator.swift */; };
		951521B3294A3E2D00FF6175 /* AuthCoordinator.swift in Sources */ = {isa = PBXBuildFile; fileRef = 951521B2294A3E2D00FF6175 /* AuthCoordinator.swift */; };
		951521C1294A5C1D00FF6175 /* Domain.framework in Frameworks */ = {isa = PBXBuildFile; fileRef = 951521B9294A5BDC00FF6175 /* Domain.framework */; };
		951521C8294A5C6100FF6175 /* ValidateEmailAddress.swift in Sources */ = {isa = PBXBuildFile; fileRef = 951521C7294A5C6100FF6175 /* ValidateEmailAddress.swift */; };
		952A57CA2A05983000FFAEA5 /* BaseUserRepository.swift in Sources */ = {isa = PBXBuildFile; fileRef = 952A57C92A05983000FFAEA5 /* BaseUserRepository.swift */; };
		952A57CD2A092F1800FFAEA5 /* UserRemoteDataSource.swift in Sources */ = {isa = PBXBuildFile; fileRef = 952A57CC2A092F1800FFAEA5 /* UserRemoteDataSource.swift */; };
		952A57D12A092F8400FFAEA5 /* UserRemoteModel.swift in Sources */ = {isa = PBXBuildFile; fileRef = 952A57D02A092F8400FFAEA5 /* UserRemoteModel.swift */; };
		952A57D42A09663F00FFAEA5 /* FirebaseAuth in Frameworks */ = {isa = PBXBuildFile; productRef = 952A57D32A09663F00FFAEA5 /* FirebaseAuth */; };
		952A57D62A09663F00FFAEA5 /* FirebaseDatabase in Frameworks */ = {isa = PBXBuildFile; productRef = 952A57D52A09663F00FFAEA5 /* FirebaseDatabase */; };
		952A57D82A09663F00FFAEA5 /* FirebaseMessaging in Frameworks */ = {isa = PBXBuildFile; productRef = 952A57D72A09663F00FFAEA5 /* FirebaseMessaging */; };
		952A57DA2A0AD9A600FFAEA5 /* SendMessage.swift in Sources */ = {isa = PBXBuildFile; fileRef = 952A57D92A0AD9A600FFAEA5 /* SendMessage.swift */; };
		952A57DC2A0BC61D00FFAEA5 /* GetLoggedUser.swift in Sources */ = {isa = PBXBuildFile; fileRef = 952A57DB2A0BC61D00FFAEA5 /* GetLoggedUser.swift */; };
		952A57E02A0C2B4000FFAEA5 /* MessageRemoteModel.swift in Sources */ = {isa = PBXBuildFile; fileRef = 952A57DF2A0C2B4000FFAEA5 /* MessageRemoteModel.swift */; };
		952A57E22A0C2EC200FFAEA5 /* RemoteModel.swift in Sources */ = {isa = PBXBuildFile; fileRef = 952A57E12A0C2EC200FFAEA5 /* RemoteModel.swift */; };
		954460FF29EF1CC70052B6B0 /* Message.swift in Sources */ = {isa = PBXBuildFile; fileRef = 954460FE29EF1CC70052B6B0 /* Message.swift */; };
		9544610329F025D90052B6B0 /* UserRepository.swift in Sources */ = {isa = PBXBuildFile; fileRef = 9544610229F025D90052B6B0 /* UserRepository.swift */; };
		9544610529F026410052B6B0 /* ConversationRepository.swift in Sources */ = {isa = PBXBuildFile; fileRef = 9544610429F026410052B6B0 /* ConversationRepository.swift */; };
		9544610729F0278C0052B6B0 /* GetUserConversations.swift in Sources */ = {isa = PBXBuildFile; fileRef = 9544610629F0278C0052B6B0 /* GetUserConversations.swift */; };
		9544610D29F9A53D0052B6B0 /* ConversationChannel.swift in Sources */ = {isa = PBXBuildFile; fileRef = 9544610C29F9A53D0052B6B0 /* ConversationChannel.swift */; };
		9544610F2A02A73B0052B6B0 /* DataError.swift in Sources */ = {isa = PBXBuildFile; fileRef = 9544610E2A02A73B0052B6B0 /* DataError.swift */; };
		9562B85F294B40DC00F6BCC3 /* ValidateEmailAddressTests.swift in Sources */ = {isa = PBXBuildFile; fileRef = 9562B85E294B40DC00F6BCC3 /* ValidateEmailAddressTests.swift */; };
		9562B860294B40DC00F6BCC3 /* Domain.framework in Frameworks */ = {isa = PBXBuildFile; fileRef = 951521B9294A5BDC00FF6175 /* Domain.framework */; };
		9562B869294BB28300F6BCC3 /* ValidationResult.swift in Sources */ = {isa = PBXBuildFile; fileRef = 9562B868294BB28300F6BCC3 /* ValidationResult.swift */; };
		9562B86C294BB2FA00F6BCC3 /* ValidatePassword.swift in Sources */ = {isa = PBXBuildFile; fileRef = 9562B86B294BB2FA00F6BCC3 /* ValidatePassword.swift */; };
		9562B86E294BB43C00F6BCC3 /* ValidateName.swift in Sources */ = {isa = PBXBuildFile; fileRef = 9562B86D294BB43C00F6BCC3 /* ValidateName.swift */; };
		9562B870294CAB6600F6BCC3 /* ValidatePasswordTests.swift in Sources */ = {isa = PBXBuildFile; fileRef = 9562B86F294CAB6600F6BCC3 /* ValidatePasswordTests.swift */; };
		95704BD82953A6EC00E32E55 /* SignUpViewModel.swift in Sources */ = {isa = PBXBuildFile; fileRef = 95704BD72953A6EC00E32E55 /* SignUpViewModel.swift */; };
		95704BDA296704D800E32E55 /* Utils.swift in Sources */ = {isa = PBXBuildFile; fileRef = 95704BD9296704D800E32E55 /* Utils.swift */; };
		95726FDE2A59C6500041F813 /* SDWebImage in Frameworks */ = {isa = PBXBuildFile; productRef = 95726FDD2A59C6500041F813 /* SDWebImage */; };
		95735D37294265DD0031B2C4 /* LoginViewController.swift in Sources */ = {isa = PBXBuildFile; fileRef = 95735D36294265DD0031B2C4 /* LoginViewController.swift */; };
		95735D39294265F50031B2C4 /* LoginView.swift in Sources */ = {isa = PBXBuildFile; fileRef = 95735D38294265F50031B2C4 /* LoginView.swift */; };
		957AD12D2A3CDFD200849545 /* ProfileViewController.swift in Sources */ = {isa = PBXBuildFile; fileRef = 957AD12C2A3CDFD200849545 /* ProfileViewController.swift */; };
		957AD12F2A3CE0A400849545 /* ProfileView.swift in Sources */ = {isa = PBXBuildFile; fileRef = 957AD12E2A3CE0A400849545 /* ProfileView.swift */; };
		957AD1392A55A98C00849545 /* ConversationCell.swift in Sources */ = {isa = PBXBuildFile; fileRef = 957AD1382A55A98C00849545 /* ConversationCell.swift */; };
		958DE89A29703F0D00BEC419 /* LogInUser.swift in Sources */ = {isa = PBXBuildFile; fileRef = 958DE89929703F0D00BEC419 /* LogInUser.swift */; };
		958DE89C2970456F00BEC419 /* SignUpUser.swift in Sources */ = {isa = PBXBuildFile; fileRef = 958DE89B2970456F00BEC419 /* SignUpUser.swift */; };
		958DE89F2970BA6700BEC419 /* AuthRepository.swift in Sources */ = {isa = PBXBuildFile; fileRef = 958DE89E2970BA6700BEC419 /* AuthRepository.swift */; };
		958DE8A22970BB1400BEC419 /* FirebaseAuthRepository.swift in Sources */ = {isa = PBXBuildFile; fileRef = 958DE8A12970BB1400BEC419 /* FirebaseAuthRepository.swift */; };
		958DE8A42977215000BEC419 /* ListenUserAuthChanges.swift in Sources */ = {isa = PBXBuildFile; fileRef = 958DE8A32977215000BEC419 /* ListenUserAuthChanges.swift */; };
		958DE8A62982FA1300BEC419 /* Factory.swift in Sources */ = {isa = PBXBuildFile; fileRef = 958DE8A52982FA1300BEC419 /* Factory.swift */; };
		958DE8AA298997F900BEC419 /* ConversationsViewController.swift in Sources */ = {isa = PBXBuildFile; fileRef = 958DE8A9298997F900BEC419 /* ConversationsViewController.swift */; };
		958DE8AC2989992C00BEC419 /* ConversationsView.swift in Sources */ = {isa = PBXBuildFile; fileRef = 958DE8AB2989992C00BEC419 /* ConversationsView.swift */; };
		958DE8AE2989996900BEC419 /* MainCoordinator.swift in Sources */ = {isa = PBXBuildFile; fileRef = 958DE8AD2989996900BEC419 /* MainCoordinator.swift */; };
		958DE8B0298A021600BEC419 /* UserState.swift in Sources */ = {isa = PBXBuildFile; fileRef = 958DE8AF298A021600BEC419 /* UserState.swift */; };
		95A07B3B298D3CB400FB29F4 /* SearchViewController.swift in Sources */ = {isa = PBXBuildFile; fileRef = 95A07B3A298D3CB400FB29F4 /* SearchViewController.swift */; };
		95A07B3D298D3CC900FB29F4 /* SearchView.swift in Sources */ = {isa = PBXBuildFile; fileRef = 95A07B3C298D3CC900FB29F4 /* SearchView.swift */; };
		95A07B3F29AE29A500FB29F4 /* User.swift in Sources */ = {isa = PBXBuildFile; fileRef = 95A07B3E29AE29A500FB29F4 /* User.swift */; };
		95D9B39F2A2FC80700122C7C /* GoogleService-Info.plist in Resources */ = {isa = PBXBuildFile; fileRef = 95D9B39E2A2FC80700122C7C /* GoogleService-Info.plist */; };
		95D9B3A32A321FF100122C7C /* ConversationChannelRemoteModel.swift in Sources */ = {isa = PBXBuildFile; fileRef = 95D9B3A22A321FF100122C7C /* ConversationChannelRemoteModel.swift */; };
		95E83F212A2E79E40021E65B /* GetUser.swift in Sources */ = {isa = PBXBuildFile; fileRef = 95E83F202A2E79E40021E65B /* GetUser.swift */; };
		95F041D129423B2900818D6B /* AppDelegate.swift in Sources */ = {isa = PBXBuildFile; fileRef = 95F041D029423B2900818D6B /* AppDelegate.swift */; };
		95F041D329423B2900818D6B /* SceneDelegate.swift in Sources */ = {isa = PBXBuildFile; fileRef = 95F041D229423B2900818D6B /* SceneDelegate.swift */; };
		95F041DA29423B2A00818D6B /* Assets.xcassets in Resources */ = {isa = PBXBuildFile; fileRef = 95F041D929423B2A00818D6B /* Assets.xcassets */; };
		95F041DD29423B2A00818D6B /* LaunchScreen.storyboard in Resources */ = {isa = PBXBuildFile; fileRef = 95F041DB29423B2A00818D6B /* LaunchScreen.storyboard */; };
		95F041E729423D8F00818D6B /* ViewCodable.swift in Sources */ = {isa = PBXBuildFile; fileRef = 95F041E629423D8F00818D6B /* ViewCodable.swift */; };
		95F041F029423EEE00818D6B /* SceneViewController.swift in Sources */ = {isa = PBXBuildFile; fileRef = 95F041EF29423EEE00818D6B /* SceneViewController.swift */; };
		95F041F229423FD100818D6B /* UIViewCodable.swift in Sources */ = {isa = PBXBuildFile; fileRef = 95F041F129423FD100818D6B /* UIViewCodable.swift */; };
		95F4DE38294CEB63004176AF /* LoginViewModel.swift in Sources */ = {isa = PBXBuildFile; fileRef = 95F4DE37294CEB63004176AF /* LoginViewModel.swift */; };
/* End PBXBuildFile section */

/* Begin PBXContainerItemProxy section */
		951521C3294A5C1D00FF6175 /* PBXContainerItemProxy */ = {
			isa = PBXContainerItemProxy;
			containerPortal = 95F041AB294238D400818D6B /* Project object */;
			proxyType = 1;
			remoteGlobalIDString = 951521B8294A5BDC00FF6175;
			remoteInfo = Domain;
		};
		9562B861294B40DC00F6BCC3 /* PBXContainerItemProxy */ = {
			isa = PBXContainerItemProxy;
			containerPortal = 95F041AB294238D400818D6B /* Project object */;
			proxyType = 1;
			remoteGlobalIDString = 951521B8294A5BDC00FF6175;
			remoteInfo = Domain;
		};
/* End PBXContainerItemProxy section */

/* Begin PBXFileReference section */
		951521A62948BDAF00FF6175 /* TextFieldContainer.swift */ = {isa = PBXFileReference; lastKnownFileType = sourcecode.swift; path = TextFieldContainer.swift; sourceTree = "<group>"; };
		951521A92948F7A900FF6175 /* SignUpViewController.swift */ = {isa = PBXFileReference; lastKnownFileType = sourcecode.swift; path = SignUpViewController.swift; sourceTree = "<group>"; };
		951521AB2948F7C100FF6175 /* SignUpView.swift */ = {isa = PBXFileReference; lastKnownFileType = sourcecode.swift; path = SignUpView.swift; sourceTree = "<group>"; };
		951521AE2949FF1800FF6175 /* Coordinator.swift */ = {isa = PBXFileReference; lastKnownFileType = sourcecode.swift; path = Coordinator.swift; sourceTree = "<group>"; };
		951521B0294A0EDC00FF6175 /* AppCoordinator.swift */ = {isa = PBXFileReference; lastKnownFileType = sourcecode.swift; path = AppCoordinator.swift; sourceTree = "<group>"; };
		951521B2294A3E2D00FF6175 /* AuthCoordinator.swift */ = {isa = PBXFileReference; lastKnownFileType = sourcecode.swift; path = AuthCoordinator.swift; sourceTree = "<group>"; };
		951521B9294A5BDC00FF6175 /* Domain.framework */ = {isa = PBXFileReference; explicitFileType = wrapper.framework; includeInIndex = 0; path = Domain.framework; sourceTree = BUILT_PRODUCTS_DIR; };
		951521C7294A5C6100FF6175 /* ValidateEmailAddress.swift */ = {isa = PBXFileReference; lastKnownFileType = sourcecode.swift; path = ValidateEmailAddress.swift; sourceTree = "<group>"; };
		952A57C92A05983000FFAEA5 /* BaseUserRepository.swift */ = {isa = PBXFileReference; lastKnownFileType = sourcecode.swift; path = BaseUserRepository.swift; sourceTree = "<group>"; };
		952A57CC2A092F1800FFAEA5 /* UserRemoteDataSource.swift */ = {isa = PBXFileReference; lastKnownFileType = sourcecode.swift; path = UserRemoteDataSource.swift; sourceTree = "<group>"; };
		952A57D02A092F8400FFAEA5 /* UserRemoteModel.swift */ = {isa = PBXFileReference; lastKnownFileType = sourcecode.swift; path = UserRemoteModel.swift; sourceTree = "<group>"; };
		952A57D92A0AD9A600FFAEA5 /* SendMessage.swift */ = {isa = PBXFileReference; lastKnownFileType = sourcecode.swift; path = SendMessage.swift; sourceTree = "<group>"; };
		952A57DB2A0BC61D00FFAEA5 /* GetLoggedUser.swift */ = {isa = PBXFileReference; lastKnownFileType = sourcecode.swift; path = GetLoggedUser.swift; sourceTree = "<group>"; };
		952A57DF2A0C2B4000FFAEA5 /* MessageRemoteModel.swift */ = {isa = PBXFileReference; lastKnownFileType = sourcecode.swift; path = MessageRemoteModel.swift; sourceTree = "<group>"; };
		952A57E12A0C2EC200FFAEA5 /* RemoteModel.swift */ = {isa = PBXFileReference; lastKnownFileType = sourcecode.swift; path = RemoteModel.swift; sourceTree = "<group>"; };
		954460FE29EF1CC70052B6B0 /* Message.swift */ = {isa = PBXFileReference; lastKnownFileType = sourcecode.swift; path = Message.swift; sourceTree = "<group>"; };
		9544610229F025D90052B6B0 /* UserRepository.swift */ = {isa = PBXFileReference; lastKnownFileType = sourcecode.swift; path = UserRepository.swift; sourceTree = "<group>"; };
		9544610429F026410052B6B0 /* ConversationRepository.swift */ = {isa = PBXFileReference; lastKnownFileType = sourcecode.swift; path = ConversationRepository.swift; sourceTree = "<group>"; };
		9544610629F0278C0052B6B0 /* GetUserConversations.swift */ = {isa = PBXFileReference; lastKnownFileType = sourcecode.swift; path = GetUserConversations.swift; sourceTree = "<group>"; };
		9544610C29F9A53D0052B6B0 /* ConversationChannel.swift */ = {isa = PBXFileReference; lastKnownFileType = sourcecode.swift; path = ConversationChannel.swift; sourceTree = "<group>"; };
		9544610E2A02A73B0052B6B0 /* DataError.swift */ = {isa = PBXFileReference; lastKnownFileType = sourcecode.swift; path = DataError.swift; sourceTree = "<group>"; };
		9562B85C294B40DC00F6BCC3 /* DomainTests.xctest */ = {isa = PBXFileReference; explicitFileType = wrapper.cfbundle; includeInIndex = 0; path = DomainTests.xctest; sourceTree = BUILT_PRODUCTS_DIR; };
		9562B85E294B40DC00F6BCC3 /* ValidateEmailAddressTests.swift */ = {isa = PBXFileReference; lastKnownFileType = sourcecode.swift; path = ValidateEmailAddressTests.swift; sourceTree = "<group>"; };
		9562B868294BB28300F6BCC3 /* ValidationResult.swift */ = {isa = PBXFileReference; lastKnownFileType = sourcecode.swift; path = ValidationResult.swift; sourceTree = "<group>"; };
		9562B86B294BB2FA00F6BCC3 /* ValidatePassword.swift */ = {isa = PBXFileReference; lastKnownFileType = sourcecode.swift; path = ValidatePassword.swift; sourceTree = "<group>"; };
		9562B86D294BB43C00F6BCC3 /* ValidateName.swift */ = {isa = PBXFileReference; lastKnownFileType = sourcecode.swift; path = ValidateName.swift; sourceTree = "<group>"; };
		9562B86F294CAB6600F6BCC3 /* ValidatePasswordTests.swift */ = {isa = PBXFileReference; lastKnownFileType = sourcecode.swift; path = ValidatePasswordTests.swift; sourceTree = "<group>"; };
		95704BD72953A6EC00E32E55 /* SignUpViewModel.swift */ = {isa = PBXFileReference; lastKnownFileType = sourcecode.swift; path = SignUpViewModel.swift; sourceTree = "<group>"; };
		95704BD9296704D800E32E55 /* Utils.swift */ = {isa = PBXFileReference; lastKnownFileType = sourcecode.swift; path = Utils.swift; sourceTree = "<group>"; };
		95735D36294265DD0031B2C4 /* LoginViewController.swift */ = {isa = PBXFileReference; lastKnownFileType = sourcecode.swift; path = LoginViewController.swift; sourceTree = "<group>"; };
		95735D38294265F50031B2C4 /* LoginView.swift */ = {isa = PBXFileReference; lastKnownFileType = sourcecode.swift; path = LoginView.swift; sourceTree = "<group>"; };
		957AD12C2A3CDFD200849545 /* ProfileViewController.swift */ = {isa = PBXFileReference; lastKnownFileType = sourcecode.swift; path = ProfileViewController.swift; sourceTree = "<group>"; };
		957AD12E2A3CE0A400849545 /* ProfileView.swift */ = {isa = PBXFileReference; lastKnownFileType = sourcecode.swift; path = ProfileView.swift; sourceTree = "<group>"; };
		957AD1382A55A98C00849545 /* ConversationCell.swift */ = {isa = PBXFileReference; lastKnownFileType = sourcecode.swift; path = ConversationCell.swift; sourceTree = "<group>"; };
		958DE89929703F0D00BEC419 /* LogInUser.swift */ = {isa = PBXFileReference; lastKnownFileType = sourcecode.swift; path = LogInUser.swift; sourceTree = "<group>"; };
		958DE89B2970456F00BEC419 /* SignUpUser.swift */ = {isa = PBXFileReference; lastKnownFileType = sourcecode.swift; path = SignUpUser.swift; sourceTree = "<group>"; };
		958DE89E2970BA6700BEC419 /* AuthRepository.swift */ = {isa = PBXFileReference; lastKnownFileType = sourcecode.swift; path = AuthRepository.swift; sourceTree = "<group>"; };
		958DE8A12970BB1400BEC419 /* FirebaseAuthRepository.swift */ = {isa = PBXFileReference; lastKnownFileType = sourcecode.swift; path = FirebaseAuthRepository.swift; sourceTree = "<group>"; };
		958DE8A32977215000BEC419 /* ListenUserAuthChanges.swift */ = {isa = PBXFileReference; lastKnownFileType = sourcecode.swift; path = ListenUserAuthChanges.swift; sourceTree = "<group>"; };
		958DE8A52982FA1300BEC419 /* Factory.swift */ = {isa = PBXFileReference; lastKnownFileType = sourcecode.swift; path = Factory.swift; sourceTree = "<group>"; };
		958DE8A9298997F900BEC419 /* ConversationsViewController.swift */ = {isa = PBXFileReference; lastKnownFileType = sourcecode.swift; path = ConversationsViewController.swift; sourceTree = "<group>"; };
		958DE8AB2989992C00BEC419 /* ConversationsView.swift */ = {isa = PBXFileReference; lastKnownFileType = sourcecode.swift; path = ConversationsView.swift; sourceTree = "<group>"; };
		958DE8AD2989996900BEC419 /* MainCoordinator.swift */ = {isa = PBXFileReference; lastKnownFileType = sourcecode.swift; path = MainCoordinator.swift; sourceTree = "<group>"; };
		958DE8AF298A021600BEC419 /* UserState.swift */ = {isa = PBXFileReference; lastKnownFileType = sourcecode.swift; path = UserState.swift; sourceTree = "<group>"; };
		95A07B3A298D3CB400FB29F4 /* SearchViewController.swift */ = {isa = PBXFileReference; lastKnownFileType = sourcecode.swift; path = SearchViewController.swift; sourceTree = "<group>"; };
		95A07B3C298D3CC900FB29F4 /* SearchView.swift */ = {isa = PBXFileReference; lastKnownFileType = sourcecode.swift; path = SearchView.swift; sourceTree = "<group>"; };
		95A07B3E29AE29A500FB29F4 /* User.swift */ = {isa = PBXFileReference; lastKnownFileType = sourcecode.swift; path = User.swift; sourceTree = "<group>"; };
		95D9B39E2A2FC80700122C7C /* GoogleService-Info.plist */ = {isa = PBXFileReference; fileEncoding = 4; lastKnownFileType = text.plist.xml; path = "GoogleService-Info.plist"; sourceTree = "<group>"; };
		95D9B3A22A321FF100122C7C /* ConversationChannelRemoteModel.swift */ = {isa = PBXFileReference; lastKnownFileType = sourcecode.swift; path = ConversationChannelRemoteModel.swift; sourceTree = "<group>"; };
		95E83F202A2E79E40021E65B /* GetUser.swift */ = {isa = PBXFileReference; lastKnownFileType = sourcecode.swift; path = GetUser.swift; sourceTree = "<group>"; };
		95F041CE29423B2900818D6B /* Main.app */ = {isa = PBXFileReference; explicitFileType = wrapper.application; includeInIndex = 0; path = Main.app; sourceTree = BUILT_PRODUCTS_DIR; };
		95F041D029423B2900818D6B /* AppDelegate.swift */ = {isa = PBXFileReference; lastKnownFileType = sourcecode.swift; path = AppDelegate.swift; sourceTree = "<group>"; };
		95F041D229423B2900818D6B /* SceneDelegate.swift */ = {isa = PBXFileReference; lastKnownFileType = sourcecode.swift; path = SceneDelegate.swift; sourceTree = "<group>"; };
		95F041D929423B2A00818D6B /* Assets.xcassets */ = {isa = PBXFileReference; lastKnownFileType = folder.assetcatalog; path = Assets.xcassets; sourceTree = "<group>"; };
		95F041DC29423B2A00818D6B /* Base */ = {isa = PBXFileReference; lastKnownFileType = file.storyboard; name = Base; path = Base.lproj/LaunchScreen.storyboard; sourceTree = "<group>"; };
		95F041DE29423B2A00818D6B /* Info.plist */ = {isa = PBXFileReference; lastKnownFileType = text.plist.xml; path = Info.plist; sourceTree = "<group>"; };
		95F041E629423D8F00818D6B /* ViewCodable.swift */ = {isa = PBXFileReference; lastKnownFileType = sourcecode.swift; path = ViewCodable.swift; sourceTree = "<group>"; };
		95F041EF29423EEE00818D6B /* SceneViewController.swift */ = {isa = PBXFileReference; lastKnownFileType = sourcecode.swift; path = SceneViewController.swift; sourceTree = "<group>"; };
		95F041F129423FD100818D6B /* UIViewCodable.swift */ = {isa = PBXFileReference; lastKnownFileType = sourcecode.swift; path = UIViewCodable.swift; sourceTree = "<group>"; };
		95F4DE37294CEB63004176AF /* LoginViewModel.swift */ = {isa = PBXFileReference; lastKnownFileType = sourcecode.swift; path = LoginViewModel.swift; sourceTree = "<group>"; };
/* End PBXFileReference section */

/* Begin PBXFrameworksBuildPhase section */
		951521B6294A5BDC00FF6175 /* Frameworks */ = {
			isa = PBXFrameworksBuildPhase;
			buildActionMask = 2147483647;
			files = (
				9514FC142A2E7BCF00137A65 /* RxSwift in Frameworks */,
			);
			runOnlyForDeploymentPostprocessing = 0;
		};
		9562B859294B40DC00F6BCC3 /* Frameworks */ = {
			isa = PBXFrameworksBuildPhase;
			buildActionMask = 2147483647;
			files = (
				9562B860294B40DC00F6BCC3 /* Domain.framework in Frameworks */,
			);
			runOnlyForDeploymentPostprocessing = 0;
		};
		95F041CB29423B2900818D6B /* Frameworks */ = {
			isa = PBXFrameworksBuildPhase;
			buildActionMask = 2147483647;
			files = (
				9514FC0E2A2E7B3500137A65 /* RxCocoa in Frameworks */,
				952A57D82A09663F00FFAEA5 /* FirebaseMessaging in Frameworks */,
				9514FC102A2E7B3500137A65 /* RxRelay in Frameworks */,
				951521C1294A5C1D00FF6175 /* Domain.framework in Frameworks */,
				952A57D42A09663F00FFAEA5 /* FirebaseAuth in Frameworks */,
				951521A42948B62800FF6175 /* SnapKit in Frameworks */,
				95726FDE2A59C6500041F813 /* SDWebImage in Frameworks */,
				9514FC122A2E7B3500137A65 /* RxSwift in Frameworks */,
				952A57D62A09663F00FFAEA5 /* FirebaseDatabase in Frameworks */,
			);
			runOnlyForDeploymentPostprocessing = 0;
		};
/* End PBXFrameworksBuildPhase section */

/* Begin PBXGroup section */
		951521A52948BD6300FF6175 /* Components */ = {
			isa = PBXGroup;
			children = (
				951521A62948BDAF00FF6175 /* TextFieldContainer.swift */,
			);
			path = Components;
			sourceTree = "<group>";
		};
		951521A82948F78D00FF6175 /* SignUp */ = {
			isa = PBXGroup;
			children = (
				951521A92948F7A900FF6175 /* SignUpViewController.swift */,
				951521AB2948F7C100FF6175 /* SignUpView.swift */,
				95704BD72953A6EC00E32E55 /* SignUpViewModel.swift */,
			);
			path = SignUp;
			sourceTree = "<group>";
		};
		951521AD2949FF0F00FF6175 /* Utils */ = {
			isa = PBXGroup;
			children = (
				951521AE2949FF1800FF6175 /* Coordinator.swift */,
				958DE8A52982FA1300BEC419 /* Factory.swift */,
			);
			path = Utils;
			sourceTree = "<group>";
		};
		951521BA294A5BDC00FF6175 /* Domain */ = {
			isa = PBXGroup;
			children = (
				958DE89D2970BA4E00BEC419 /* Repository */,
				9562B867294BB27600F6BCC3 /* Model */,
				951521C6294A5C3E00FF6175 /* UseCases */,
			);
			path = Domain;
			sourceTree = "<group>";
		};
		951521C0294A5C1D00FF6175 /* Frameworks */ = {
			isa = PBXGroup;
			children = (
			);
			name = Frameworks;
			sourceTree = "<group>";
		};
		951521C6294A5C3E00FF6175 /* UseCases */ = {
			isa = PBXGroup;
			children = (
				951521C7294A5C6100FF6175 /* ValidateEmailAddress.swift */,
				9562B86B294BB2FA00F6BCC3 /* ValidatePassword.swift */,
				9562B86D294BB43C00F6BCC3 /* ValidateName.swift */,
				958DE89929703F0D00BEC419 /* LogInUser.swift */,
				958DE89B2970456F00BEC419 /* SignUpUser.swift */,
				958DE8A32977215000BEC419 /* ListenUserAuthChanges.swift */,
				9544610629F0278C0052B6B0 /* GetUserConversations.swift */,
				952A57D92A0AD9A600FFAEA5 /* SendMessage.swift */,
				952A57DB2A0BC61D00FFAEA5 /* GetLoggedUser.swift */,
				95E83F202A2E79E40021E65B /* GetUser.swift */,
			);
			path = UseCases;
			sourceTree = "<group>";
		};
		952A57C72A0595B200FFAEA5 /* Data */ = {
			isa = PBXGroup;
			children = (
				9544610E2A02A73B0052B6B0 /* DataError.swift */,
				952A57CB2A092F0100FFAEA5 /* Remote */,
				958DE8A02970BB0600BEC419 /* Repository */,
			);
			path = Data;
			sourceTree = "<group>";
		};
		952A57CB2A092F0100FFAEA5 /* Remote */ = {
			isa = PBXGroup;
			children = (
				952A57CF2A092F6D00FFAEA5 /* DataSource */,
				952A57CE2A092F5F00FFAEA5 /* Model */,
			);
			path = Remote;
			sourceTree = "<group>";
		};
		952A57CE2A092F5F00FFAEA5 /* Model */ = {
			isa = PBXGroup;
			children = (
				952A57D02A092F8400FFAEA5 /* UserRemoteModel.swift */,
				952A57DF2A0C2B4000FFAEA5 /* MessageRemoteModel.swift */,
				952A57E12A0C2EC200FFAEA5 /* RemoteModel.swift */,
				95D9B3A22A321FF100122C7C /* ConversationChannelRemoteModel.swift */,
			);
			path = Model;
			sourceTree = "<group>";
		};
		952A57CF2A092F6D00FFAEA5 /* DataSource */ = {
			isa = PBXGroup;
			children = (
				952A57CC2A092F1800FFAEA5 /* UserRemoteDataSource.swift */,
			);
			path = DataSource;
			sourceTree = "<group>";
		};
		9562B85D294B40DC00F6BCC3 /* DomainTests */ = {
			isa = PBXGroup;
			children = (
				9562B866294B412200F6BCC3 /* UseCases */,
			);
			path = DomainTests;
			sourceTree = "<group>";
		};
		9562B866294B412200F6BCC3 /* UseCases */ = {
			isa = PBXGroup;
			children = (
				9562B85E294B40DC00F6BCC3 /* ValidateEmailAddressTests.swift */,
				9562B86F294CAB6600F6BCC3 /* ValidatePasswordTests.swift */,
			);
			path = UseCases;
			sourceTree = "<group>";
		};
		9562B867294BB27600F6BCC3 /* Model */ = {
			isa = PBXGroup;
			children = (
				9562B868294BB28300F6BCC3 /* ValidationResult.swift */,
				958DE8AF298A021600BEC419 /* UserState.swift */,
				95A07B3E29AE29A500FB29F4 /* User.swift */,
				954460FE29EF1CC70052B6B0 /* Message.swift */,
				9544610C29F9A53D0052B6B0 /* ConversationChannel.swift */,
			);
			path = Model;
			sourceTree = "<group>";
		};
		95735D34294263BF0031B2C4 /* Auth */ = {
			isa = PBXGroup;
			children = (
				951521A82948F78D00FF6175 /* SignUp */,
				95735D35294265AB0031B2C4 /* Login */,
				951521B2294A3E2D00FF6175 /* AuthCoordinator.swift */,
			);
			path = Auth;
			sourceTree = "<group>";
		};
		95735D35294265AB0031B2C4 /* Login */ = {
			isa = PBXGroup;
			children = (
				95735D36294265DD0031B2C4 /* LoginViewController.swift */,
				95735D38294265F50031B2C4 /* LoginView.swift */,
				95F4DE37294CEB63004176AF /* LoginViewModel.swift */,
			);
			path = Login;
			sourceTree = "<group>";
		};
		957AD12B2A3CDFC300849545 /* Profile */ = {
			isa = PBXGroup;
			children = (
				957AD12C2A3CDFD200849545 /* ProfileViewController.swift */,
				957AD12E2A3CE0A400849545 /* ProfileView.swift */,
			);
			path = Profile;
			sourceTree = "<group>";
		};
		958DE89D2970BA4E00BEC419 /* Repository */ = {
			isa = PBXGroup;
			children = (
				958DE89E2970BA6700BEC419 /* AuthRepository.swift */,
				9544610229F025D90052B6B0 /* UserRepository.swift */,
				9544610429F026410052B6B0 /* ConversationRepository.swift */,
			);
			path = Repository;
			sourceTree = "<group>";
		};
		958DE8A02970BB0600BEC419 /* Repository */ = {
			isa = PBXGroup;
			children = (
				958DE8A12970BB1400BEC419 /* FirebaseAuthRepository.swift */,
				952A57C92A05983000FFAEA5 /* BaseUserRepository.swift */,
			);
			path = Repository;
			sourceTree = "<group>";
		};
		958DE8A7298997DA00BEC419 /* Main */ = {
			isa = PBXGroup;
			children = (
				957AD12B2A3CDFC300849545 /* Profile */,
				95A07B39298D3C8100FB29F4 /* Search */,
				958DE8A8298997E400BEC419 /* Conversations */,
				958DE8AD2989996900BEC419 /* MainCoordinator.swift */,
			);
			path = Main;
			sourceTree = "<group>";
		};
		958DE8A8298997E400BEC419 /* Conversations */ = {
			isa = PBXGroup;
			children = (
				958DE8A9298997F900BEC419 /* ConversationsViewController.swift */,
				958DE8AB2989992C00BEC419 /* ConversationsView.swift */,
				957AD1382A55A98C00849545 /* ConversationCell.swift */,
			);
			path = Conversations;
			sourceTree = "<group>";
		};
		95A07B39298D3C8100FB29F4 /* Search */ = {
			isa = PBXGroup;
			children = (
				95A07B3A298D3CB400FB29F4 /* SearchViewController.swift */,
				95A07B3C298D3CC900FB29F4 /* SearchView.swift */,
			);
			path = Search;
			sourceTree = "<group>";
		};
		95F041AA294238D400818D6B = {
			isa = PBXGroup;
			children = (
				95F041CF29423B2900818D6B /* Main */,
				951521BA294A5BDC00FF6175 /* Domain */,
				9562B85D294B40DC00F6BCC3 /* DomainTests */,
				95F041B4294238D400818D6B /* Products */,
				951521C0294A5C1D00FF6175 /* Frameworks */,
			);
			sourceTree = "<group>";
		};
		95F041B4294238D400818D6B /* Products */ = {
			isa = PBXGroup;
			children = (
				95F041CE29423B2900818D6B /* Main.app */,
				951521B9294A5BDC00FF6175 /* Domain.framework */,
				9562B85C294B40DC00F6BCC3 /* DomainTests.xctest */,
			);
			name = Products;
			sourceTree = "<group>";
		};
		95F041CF29423B2900818D6B /* Main */ = {
			isa = PBXGroup;
			children = (
				952A57C72A0595B200FFAEA5 /* Data */,
				951521AD2949FF0F00FF6175 /* Utils */,
				95F041E229423B3200818D6B /* Application */,
				95F041E329423B4000818D6B /* Scenes */,
				95F041E429423B5600818D6B /* Files */,
			);
			path = Main;
			sourceTree = "<group>";
		};
		95F041E229423B3200818D6B /* Application */ = {
			isa = PBXGroup;
			children = (
				95F041D029423B2900818D6B /* AppDelegate.swift */,
				95F041D229423B2900818D6B /* SceneDelegate.swift */,
				951521B0294A0EDC00FF6175 /* AppCoordinator.swift */,
			);
			path = Application;
			sourceTree = "<group>";
		};
		95F041E329423B4000818D6B /* Scenes */ = {
			isa = PBXGroup;
			children = (
				958DE8A7298997DA00BEC419 /* Main */,
				95735D34294263BF0031B2C4 /* Auth */,
				95F041E529423D7E00818D6B /* Common */,
			);
			path = Scenes;
			sourceTree = "<group>";
		};
		95F041E429423B5600818D6B /* Files */ = {
			isa = PBXGroup;
			children = (
				95D9B39E2A2FC80700122C7C /* GoogleService-Info.plist */,
				95F041D929423B2A00818D6B /* Assets.xcassets */,
				95F041DB29423B2A00818D6B /* LaunchScreen.storyboard */,
				95F041DE29423B2A00818D6B /* Info.plist */,
			);
			name = Files;
			sourceTree = "<group>";
		};
		95F041E529423D7E00818D6B /* Common */ = {
			isa = PBXGroup;
			children = (
				951521A52948BD6300FF6175 /* Components */,
				95F041E629423D8F00818D6B /* ViewCodable.swift */,
				95F041EF29423EEE00818D6B /* SceneViewController.swift */,
				95F041F129423FD100818D6B /* UIViewCodable.swift */,
				95704BD9296704D800E32E55 /* Utils.swift */,
			);
			path = Common;
			sourceTree = "<group>";
		};
/* End PBXGroup section */

/* Begin PBXHeadersBuildPhase section */
		951521B4294A5BDC00FF6175 /* Headers */ = {
			isa = PBXHeadersBuildPhase;
			buildActionMask = 2147483647;
			files = (
			);
			runOnlyForDeploymentPostprocessing = 0;
		};
/* End PBXHeadersBuildPhase section */

/* Begin PBXNativeTarget section */
		951521B8294A5BDC00FF6175 /* Domain */ = {
			isa = PBXNativeTarget;
			buildConfigurationList = 951521BD294A5BDC00FF6175 /* Build configuration list for PBXNativeTarget "Domain" */;
			buildPhases = (
				951521B4294A5BDC00FF6175 /* Headers */,
				951521B5294A5BDC00FF6175 /* Sources */,
				951521B6294A5BDC00FF6175 /* Frameworks */,
				951521B7294A5BDC00FF6175 /* Resources */,
			);
			buildRules = (
			);
			dependencies = (
			);
			name = Domain;
			packageProductDependencies = (
				9514FC132A2E7BCF00137A65 /* RxSwift */,
			);
			productName = Domain;
			productReference = 951521B9294A5BDC00FF6175 /* Domain.framework */;
			productType = "com.apple.product-type.framework";
		};
		9562B85B294B40DC00F6BCC3 /* DomainTests */ = {
			isa = PBXNativeTarget;
			buildConfigurationList = 9562B865294B40DC00F6BCC3 /* Build configuration list for PBXNativeTarget "DomainTests" */;
			buildPhases = (
				9562B858294B40DC00F6BCC3 /* Sources */,
				9562B859294B40DC00F6BCC3 /* Frameworks */,
				9562B85A294B40DC00F6BCC3 /* Resources */,
			);
			buildRules = (
			);
			dependencies = (
				9562B862294B40DC00F6BCC3 /* PBXTargetDependency */,
			);
			name = DomainTests;
			productName = DomainTests;
			productReference = 9562B85C294B40DC00F6BCC3 /* DomainTests.xctest */;
			productType = "com.apple.product-type.bundle.unit-test";
		};
		95F041CD29423B2900818D6B /* Main */ = {
			isa = PBXNativeTarget;
			buildConfigurationList = 95F041DF29423B2A00818D6B /* Build configuration list for PBXNativeTarget "Main" */;
			buildPhases = (
				95F041CA29423B2900818D6B /* Sources */,
				95F041CB29423B2900818D6B /* Frameworks */,
				95F041CC29423B2900818D6B /* Resources */,
			);
			buildRules = (
			);
			dependencies = (
				951521C4294A5C1D00FF6175 /* PBXTargetDependency */,
			);
			name = Main;
			packageProductDependencies = (
				951521A32948B62800FF6175 /* SnapKit */,
				952A57D32A09663F00FFAEA5 /* FirebaseAuth */,
				952A57D52A09663F00FFAEA5 /* FirebaseDatabase */,
				952A57D72A09663F00FFAEA5 /* FirebaseMessaging */,
				9514FC0D2A2E7B3500137A65 /* RxCocoa */,
				9514FC0F2A2E7B3500137A65 /* RxRelay */,
				9514FC112A2E7B3500137A65 /* RxSwift */,
				95726FDD2A59C6500041F813 /* SDWebImage */,
			);
			productName = Main;
			productReference = 95F041CE29423B2900818D6B /* Main.app */;
			productType = "com.apple.product-type.application";
		};
/* End PBXNativeTarget section */

/* Begin PBXProject section */
		95F041AB294238D400818D6B /* Project object */ = {
			isa = PBXProject;
			attributes = {
				BuildIndependentTargetsInParallel = 1;
				LastSwiftUpdateCheck = 1420;
				LastUpgradeCheck = 1410;
				TargetAttributes = {
					951521B8294A5BDC00FF6175 = {
						CreatedOnToolsVersion = 14.1;
						LastSwiftMigration = 1410;
					};
					9562B85B294B40DC00F6BCC3 = {
						CreatedOnToolsVersion = 14.2;
					};
					95F041CD29423B2900818D6B = {
						CreatedOnToolsVersion = 14.1;
					};
				};
			};
			buildConfigurationList = 95F041AE294238D400818D6B /* Build configuration list for PBXProject "ChatApp" */;
			compatibilityVersion = "Xcode 14.0";
			developmentRegion = en;
			hasScannedForEncodings = 0;
			knownRegions = (
				en,
				Base,
			);
			mainGroup = 95F041AA294238D400818D6B;
			packageReferences = (
				951521A22948B62800FF6175 /* XCRemoteSwiftPackageReference "SnapKit" */,
				952A57D22A09663F00FFAEA5 /* XCRemoteSwiftPackageReference "firebase-ios-sdk" */,
				9514FC0C2A2E7B3500137A65 /* XCRemoteSwiftPackageReference "RxSwift" */,
				95726FDC2A59C6500041F813 /* XCRemoteSwiftPackageReference "SDWebImage" */,
			);
			productRefGroup = 95F041B4294238D400818D6B /* Products */;
			projectDirPath = "";
			projectRoot = "";
			targets = (
				95F041CD29423B2900818D6B /* Main */,
				951521B8294A5BDC00FF6175 /* Domain */,
				9562B85B294B40DC00F6BCC3 /* DomainTests */,
			);
		};
/* End PBXProject section */

/* Begin PBXResourcesBuildPhase section */
		951521B7294A5BDC00FF6175 /* Resources */ = {
			isa = PBXResourcesBuildPhase;
			buildActionMask = 2147483647;
			files = (
			);
			runOnlyForDeploymentPostprocessing = 0;
		};
		9562B85A294B40DC00F6BCC3 /* Resources */ = {
			isa = PBXResourcesBuildPhase;
			buildActionMask = 2147483647;
			files = (
			);
			runOnlyForDeploymentPostprocessing = 0;
		};
		95F041CC29423B2900818D6B /* Resources */ = {
			isa = PBXResourcesBuildPhase;
			buildActionMask = 2147483647;
			files = (
				95F041DD29423B2A00818D6B /* LaunchScreen.storyboard in Resources */,
				95F041DA29423B2A00818D6B /* Assets.xcassets in Resources */,
				95D9B39F2A2FC80700122C7C /* GoogleService-Info.plist in Resources */,
			);
			runOnlyForDeploymentPostprocessing = 0;
		};
/* End PBXResourcesBuildPhase section */

/* Begin PBXSourcesBuildPhase section */
		951521B5294A5BDC00FF6175 /* Sources */ = {
			isa = PBXSourcesBuildPhase;
			buildActionMask = 2147483647;
			files = (
				958DE8B0298A021600BEC419 /* UserState.swift in Sources */,
				9562B86E294BB43C00F6BCC3 /* ValidateName.swift in Sources */,
				951521C8294A5C6100FF6175 /* ValidateEmailAddress.swift in Sources */,
				95E83F212A2E79E40021E65B /* GetUser.swift in Sources */,
				9562B869294BB28300F6BCC3 /* ValidationResult.swift in Sources */,
				9544610D29F9A53D0052B6B0 /* ConversationChannel.swift in Sources */,
				958DE89F2970BA6700BEC419 /* AuthRepository.swift in Sources */,
				952A57DA2A0AD9A600FFAEA5 /* SendMessage.swift in Sources */,
				958DE89A29703F0D00BEC419 /* LogInUser.swift in Sources */,
				952A57DC2A0BC61D00FFAEA5 /* GetLoggedUser.swift in Sources */,
				9544610529F026410052B6B0 /* ConversationRepository.swift in Sources */,
				958DE89C2970456F00BEC419 /* SignUpUser.swift in Sources */,
				9544610729F0278C0052B6B0 /* GetUserConversations.swift in Sources */,
				9562B86C294BB2FA00F6BCC3 /* ValidatePassword.swift in Sources */,
				9544610329F025D90052B6B0 /* UserRepository.swift in Sources */,
				954460FF29EF1CC70052B6B0 /* Message.swift in Sources */,
				95A07B3F29AE29A500FB29F4 /* User.swift in Sources */,
				958DE8A42977215000BEC419 /* ListenUserAuthChanges.swift in Sources */,
			);
			runOnlyForDeploymentPostprocessing = 0;
		};
		9562B858294B40DC00F6BCC3 /* Sources */ = {
			isa = PBXSourcesBuildPhase;
			buildActionMask = 2147483647;
			files = (
				9562B870294CAB6600F6BCC3 /* ValidatePasswordTests.swift in Sources */,
				9562B85F294B40DC00F6BCC3 /* ValidateEmailAddressTests.swift in Sources */,
			);
			runOnlyForDeploymentPostprocessing = 0;
		};
		95F041CA29423B2900818D6B /* Sources */ = {
			isa = PBXSourcesBuildPhase;
			buildActionMask = 2147483647;
			files = (
				951521B1294A0EDC00FF6175 /* AppCoordinator.swift in Sources */,
				951521B3294A3E2D00FF6175 /* AuthCoordinator.swift in Sources */,
				958DE8AE2989996900BEC419 /* MainCoordinator.swift in Sources */,
				958DE8AA298997F900BEC419 /* ConversationsViewController.swift in Sources */,
				952A57CA2A05983000FFAEA5 /* BaseUserRepository.swift in Sources */,
				95D9B3A32A321FF100122C7C /* ConversationChannelRemoteModel.swift in Sources */,
				9544610F2A02A73B0052B6B0 /* DataError.swift in Sources */,
				95F4DE38294CEB63004176AF /* LoginViewModel.swift in Sources */,
				952A57CD2A092F1800FFAEA5 /* UserRemoteDataSource.swift in Sources */,
				95F041F029423EEE00818D6B /* SceneViewController.swift in Sources */,
				95A07B3D298D3CC900FB29F4 /* SearchView.swift in Sources */,
				95F041E729423D8F00818D6B /* ViewCodable.swift in Sources */,
				957AD12D2A3CDFD200849545 /* ProfileViewController.swift in Sources */,
				952A57E02A0C2B4000FFAEA5 /* MessageRemoteModel.swift in Sources */,
				95735D39294265F50031B2C4 /* LoginView.swift in Sources */,
				95F041D129423B2900818D6B /* AppDelegate.swift in Sources */,
				95704BDA296704D800E32E55 /* Utils.swift in Sources */,
				958DE8A22970BB1400BEC419 /* FirebaseAuthRepository.swift in Sources */,
				952A57D12A092F8400FFAEA5 /* UserRemoteModel.swift in Sources */,
				95704BD82953A6EC00E32E55 /* SignUpViewModel.swift in Sources */,
				952A57E22A0C2EC200FFAEA5 /* RemoteModel.swift in Sources */,
				95A07B3B298D3CB400FB29F4 /* SearchViewController.swift in Sources */,
				95735D37294265DD0031B2C4 /* LoginViewController.swift in Sources */,
				957AD1392A55A98C00849545 /* ConversationCell.swift in Sources */,
				95F041D329423B2900818D6B /* SceneDelegate.swift in Sources */,
				957AD12F2A3CE0A400849545 /* ProfileView.swift in Sources */,
				951521AF2949FF1800FF6175 /* Coordinator.swift in Sources */,
				951521AC2948F7C100FF6175 /* SignUpView.swift in Sources */,
				958DE8A62982FA1300BEC419 /* Factory.swift in Sources */,
				958DE8AC2989992C00BEC419 /* ConversationsView.swift in Sources */,
				951521AA2948F7A900FF6175 /* SignUpViewController.swift in Sources */,
				95F041F229423FD100818D6B /* UIViewCodable.swift in Sources */,
				951521A72948BDAF00FF6175 /* TextFieldContainer.swift in Sources */,
			);
			runOnlyForDeploymentPostprocessing = 0;
		};
/* End PBXSourcesBuildPhase section */

/* Begin PBXTargetDependency section */
		951521C4294A5C1D00FF6175 /* PBXTargetDependency */ = {
			isa = PBXTargetDependency;
			target = 951521B8294A5BDC00FF6175 /* Domain */;
			targetProxy = 951521C3294A5C1D00FF6175 /* PBXContainerItemProxy */;
		};
		9562B862294B40DC00F6BCC3 /* PBXTargetDependency */ = {
			isa = PBXTargetDependency;
			target = 951521B8294A5BDC00FF6175 /* Domain */;
			targetProxy = 9562B861294B40DC00F6BCC3 /* PBXContainerItemProxy */;
		};
/* End PBXTargetDependency section */

/* Begin PBXVariantGroup section */
		95F041DB29423B2A00818D6B /* LaunchScreen.storyboard */ = {
			isa = PBXVariantGroup;
			children = (
				95F041DC29423B2A00818D6B /* Base */,
			);
			name = LaunchScreen.storyboard;
			sourceTree = "<group>";
		};
/* End PBXVariantGroup section */

/* Begin XCBuildConfiguration section */
		951521BE294A5BDC00FF6175 /* Debug */ = {
			isa = XCBuildConfiguration;
			buildSettings = {
				CLANG_ENABLE_MODULES = YES;
				"CODE_SIGN_IDENTITY[sdk=macosx*]" = "-";
				CODE_SIGN_STYLE = Automatic;
				COMBINE_HIDPI_IMAGES = YES;
				CURRENT_PROJECT_VERSION = 1;
				DEFINES_MODULE = YES;
				DEVELOPMENT_TEAM = D2K3SYJK3G;
				DYLIB_COMPATIBILITY_VERSION = 1;
				DYLIB_CURRENT_VERSION = 1;
				DYLIB_INSTALL_NAME_BASE = "@rpath";
				GENERATE_INFOPLIST_FILE = YES;
				INFOPLIST_KEY_NSHumanReadableCopyright = "";
				INSTALL_PATH = "$(LOCAL_LIBRARY_DIR)/Frameworks";
				LD_RUNPATH_SEARCH_PATHS = (
					"$(inherited)",
					"@executable_path/../Frameworks",
					"@loader_path/Frameworks",
				);
				MACH_O_TYPE = staticlib;
				MACOSX_DEPLOYMENT_TARGET = 13.0;
				MARKETING_VERSION = 1.0;
				PRODUCT_BUNDLE_IDENTIFIER = ribas.daniel.Domain;
				PRODUCT_NAME = "$(TARGET_NAME:c99extidentifier)";
				SDKROOT = macosx;
				SKIP_INSTALL = YES;
				SUPPORTED_PLATFORMS = "iphonesimulator iphoneos macosx";
				SWIFT_EMIT_LOC_STRINGS = YES;
				SWIFT_OPTIMIZATION_LEVEL = "-Onone";
				SWIFT_VERSION = 5.0;
				VERSIONING_SYSTEM = "apple-generic";
				VERSION_INFO_PREFIX = "";
			};
			name = Debug;
		};
		951521BF294A5BDC00FF6175 /* Release */ = {
			isa = XCBuildConfiguration;
			buildSettings = {
				CLANG_ENABLE_MODULES = YES;
				"CODE_SIGN_IDENTITY[sdk=macosx*]" = "-";
				CODE_SIGN_STYLE = Automatic;
				COMBINE_HIDPI_IMAGES = YES;
				CURRENT_PROJECT_VERSION = 1;
				DEFINES_MODULE = YES;
				DEVELOPMENT_TEAM = D2K3SYJK3G;
				DYLIB_COMPATIBILITY_VERSION = 1;
				DYLIB_CURRENT_VERSION = 1;
				DYLIB_INSTALL_NAME_BASE = "@rpath";
				GENERATE_INFOPLIST_FILE = YES;
				INFOPLIST_KEY_NSHumanReadableCopyright = "";
				INSTALL_PATH = "$(LOCAL_LIBRARY_DIR)/Frameworks";
				LD_RUNPATH_SEARCH_PATHS = (
					"$(inherited)",
					"@executable_path/../Frameworks",
					"@loader_path/Frameworks",
				);
				MACH_O_TYPE = staticlib;
				MACOSX_DEPLOYMENT_TARGET = 13.0;
				MARKETING_VERSION = 1.0;
				PRODUCT_BUNDLE_IDENTIFIER = ribas.daniel.Domain;
				PRODUCT_NAME = "$(TARGET_NAME:c99extidentifier)";
				SDKROOT = macosx;
				SKIP_INSTALL = YES;
				SUPPORTED_PLATFORMS = "iphonesimulator iphoneos macosx";
				SWIFT_EMIT_LOC_STRINGS = YES;
				SWIFT_VERSION = 5.0;
				VERSIONING_SYSTEM = "apple-generic";
				VERSION_INFO_PREFIX = "";
			};
			name = Release;
		};
		9562B863294B40DC00F6BCC3 /* Debug */ = {
			isa = XCBuildConfiguration;
			buildSettings = {
				CODE_SIGN_IDENTITY = "Apple Development";
				"CODE_SIGN_IDENTITY[sdk=macosx*]" = "-";
				CODE_SIGN_STYLE = Automatic;
				CURRENT_PROJECT_VERSION = 1;
				DEVELOPMENT_TEAM = D2K3SYJK3G;
				GENERATE_INFOPLIST_FILE = YES;
				MACOSX_DEPLOYMENT_TARGET = 13.0;
				MARKETING_VERSION = 1.0;
				PRODUCT_BUNDLE_IDENTIFIER = ribas.daniel.DomainTests;
				PRODUCT_NAME = "$(TARGET_NAME)";
				PROVISIONING_PROFILE_SPECIFIER = "";
				SDKROOT = macosx;
				SWIFT_EMIT_LOC_STRINGS = NO;
				SWIFT_VERSION = 5.0;
			};
			name = Debug;
		};
		9562B864294B40DC00F6BCC3 /* Release */ = {
			isa = XCBuildConfiguration;
			buildSettings = {
				CODE_SIGN_IDENTITY = "Apple Development";
				"CODE_SIGN_IDENTITY[sdk=macosx*]" = "-";
				CODE_SIGN_STYLE = Automatic;
				CURRENT_PROJECT_VERSION = 1;
				DEVELOPMENT_TEAM = D2K3SYJK3G;
				GENERATE_INFOPLIST_FILE = YES;
				MACOSX_DEPLOYMENT_TARGET = 13.0;
				MARKETING_VERSION = 1.0;
				PRODUCT_BUNDLE_IDENTIFIER = ribas.daniel.DomainTests;
				PRODUCT_NAME = "$(TARGET_NAME)";
				PROVISIONING_PROFILE_SPECIFIER = "";
				SDKROOT = macosx;
				SWIFT_EMIT_LOC_STRINGS = NO;
				SWIFT_VERSION = 5.0;
			};
			name = Release;
		};
		95F041C5294238D600818D6B /* Debug */ = {
			isa = XCBuildConfiguration;
			buildSettings = {
				ALWAYS_SEARCH_USER_PATHS = NO;
				CLANG_ANALYZER_NONNULL = YES;
				CLANG_ANALYZER_NUMBER_OBJECT_CONVERSION = YES_AGGRESSIVE;
				CLANG_CXX_LANGUAGE_STANDARD = "gnu++20";
				CLANG_ENABLE_MODULES = YES;
				CLANG_ENABLE_OBJC_ARC = YES;
				CLANG_ENABLE_OBJC_WEAK = YES;
				CLANG_WARN_BLOCK_CAPTURE_AUTORELEASING = YES;
				CLANG_WARN_BOOL_CONVERSION = YES;
				CLANG_WARN_COMMA = YES;
				CLANG_WARN_CONSTANT_CONVERSION = YES;
				CLANG_WARN_DEPRECATED_OBJC_IMPLEMENTATIONS = YES;
				CLANG_WARN_DIRECT_OBJC_ISA_USAGE = YES_ERROR;
				CLANG_WARN_DOCUMENTATION_COMMENTS = YES;
				CLANG_WARN_EMPTY_BODY = YES;
				CLANG_WARN_ENUM_CONVERSION = YES;
				CLANG_WARN_INFINITE_RECURSION = YES;
				CLANG_WARN_INT_CONVERSION = YES;
				CLANG_WARN_NON_LITERAL_NULL_CONVERSION = YES;
				CLANG_WARN_OBJC_IMPLICIT_RETAIN_SELF = YES;
				CLANG_WARN_OBJC_LITERAL_CONVERSION = YES;
				CLANG_WARN_OBJC_ROOT_CLASS = YES_ERROR;
				CLANG_WARN_QUOTED_INCLUDE_IN_FRAMEWORK_HEADER = YES;
				CLANG_WARN_RANGE_LOOP_ANALYSIS = YES;
				CLANG_WARN_STRICT_PROTOTYPES = YES;
				CLANG_WARN_SUSPICIOUS_MOVE = YES;
				CLANG_WARN_UNGUARDED_AVAILABILITY = YES_AGGRESSIVE;
				CLANG_WARN_UNREACHABLE_CODE = YES;
				CLANG_WARN__DUPLICATE_METHOD_MATCH = YES;
				COPY_PHASE_STRIP = NO;
				DEBUG_INFORMATION_FORMAT = dwarf;
				ENABLE_STRICT_OBJC_MSGSEND = YES;
				ENABLE_TESTABILITY = YES;
				GCC_C_LANGUAGE_STANDARD = gnu11;
				GCC_DYNAMIC_NO_PIC = NO;
				GCC_NO_COMMON_BLOCKS = YES;
				GCC_OPTIMIZATION_LEVEL = 0;
				GCC_PREPROCESSOR_DEFINITIONS = (
					"DEBUG=1",
					"$(inherited)",
				);
				GCC_WARN_64_TO_32_BIT_CONVERSION = YES;
				GCC_WARN_ABOUT_RETURN_TYPE = YES_ERROR;
				GCC_WARN_UNDECLARED_SELECTOR = YES;
				GCC_WARN_UNINITIALIZED_AUTOS = YES_AGGRESSIVE;
				GCC_WARN_UNUSED_FUNCTION = YES;
				GCC_WARN_UNUSED_VARIABLE = YES;
				IPHONEOS_DEPLOYMENT_TARGET = 15.0;
				MTL_ENABLE_DEBUG_INFO = INCLUDE_SOURCE;
				MTL_FAST_MATH = YES;
				ONLY_ACTIVE_ARCH = YES;
				SDKROOT = iphoneos;
				SWIFT_ACTIVE_COMPILATION_CONDITIONS = DEBUG;
				SWIFT_OPTIMIZATION_LEVEL = "-Onone";
			};
			name = Debug;
		};
		95F041C6294238D600818D6B /* Release */ = {
			isa = XCBuildConfiguration;
			buildSettings = {
				ALWAYS_SEARCH_USER_PATHS = NO;
				CLANG_ANALYZER_NONNULL = YES;
				CLANG_ANALYZER_NUMBER_OBJECT_CONVERSION = YES_AGGRESSIVE;
				CLANG_CXX_LANGUAGE_STANDARD = "gnu++20";
				CLANG_ENABLE_MODULES = YES;
				CLANG_ENABLE_OBJC_ARC = YES;
				CLANG_ENABLE_OBJC_WEAK = YES;
				CLANG_WARN_BLOCK_CAPTURE_AUTORELEASING = YES;
				CLANG_WARN_BOOL_CONVERSION = YES;
				CLANG_WARN_COMMA = YES;
				CLANG_WARN_CONSTANT_CONVERSION = YES;
				CLANG_WARN_DEPRECATED_OBJC_IMPLEMENTATIONS = YES;
				CLANG_WARN_DIRECT_OBJC_ISA_USAGE = YES_ERROR;
				CLANG_WARN_DOCUMENTATION_COMMENTS = YES;
				CLANG_WARN_EMPTY_BODY = YES;
				CLANG_WARN_ENUM_CONVERSION = YES;
				CLANG_WARN_INFINITE_RECURSION = YES;
				CLANG_WARN_INT_CONVERSION = YES;
				CLANG_WARN_NON_LITERAL_NULL_CONVERSION = YES;
				CLANG_WARN_OBJC_IMPLICIT_RETAIN_SELF = YES;
				CLANG_WARN_OBJC_LITERAL_CONVERSION = YES;
				CLANG_WARN_OBJC_ROOT_CLASS = YES_ERROR;
				CLANG_WARN_QUOTED_INCLUDE_IN_FRAMEWORK_HEADER = YES;
				CLANG_WARN_RANGE_LOOP_ANALYSIS = YES;
				CLANG_WARN_STRICT_PROTOTYPES = YES;
				CLANG_WARN_SUSPICIOUS_MOVE = YES;
				CLANG_WARN_UNGUARDED_AVAILABILITY = YES_AGGRESSIVE;
				CLANG_WARN_UNREACHABLE_CODE = YES;
				CLANG_WARN__DUPLICATE_METHOD_MATCH = YES;
				COPY_PHASE_STRIP = NO;
				DEBUG_INFORMATION_FORMAT = "dwarf-with-dsym";
				ENABLE_NS_ASSERTIONS = NO;
				ENABLE_STRICT_OBJC_MSGSEND = YES;
				GCC_C_LANGUAGE_STANDARD = gnu11;
				GCC_NO_COMMON_BLOCKS = YES;
				GCC_WARN_64_TO_32_BIT_CONVERSION = YES;
				GCC_WARN_ABOUT_RETURN_TYPE = YES_ERROR;
				GCC_WARN_UNDECLARED_SELECTOR = YES;
				GCC_WARN_UNINITIALIZED_AUTOS = YES_AGGRESSIVE;
				GCC_WARN_UNUSED_FUNCTION = YES;
				GCC_WARN_UNUSED_VARIABLE = YES;
				IPHONEOS_DEPLOYMENT_TARGET = 15.0;
				MTL_ENABLE_DEBUG_INFO = NO;
				MTL_FAST_MATH = YES;
				SDKROOT = iphoneos;
				SWIFT_COMPILATION_MODE = wholemodule;
				SWIFT_OPTIMIZATION_LEVEL = "-O";
				VALIDATE_PRODUCT = YES;
			};
			name = Release;
		};
		95F041E029423B2A00818D6B /* Debug */ = {
			isa = XCBuildConfiguration;
			buildSettings = {
				ASSETCATALOG_COMPILER_APPICON_NAME = AppIcon;
				ASSETCATALOG_COMPILER_GLOBAL_ACCENT_COLOR_NAME = AccentColor;
				CODE_SIGN_STYLE = Automatic;
				CURRENT_PROJECT_VERSION = 1;
				DEVELOPMENT_TEAM = D2K3SYJK3G;
				GENERATE_INFOPLIST_FILE = YES;
				INFOPLIST_FILE = Main/Info.plist;
				INFOPLIST_KEY_CFBundleDisplayName = ChatApp;
				INFOPLIST_KEY_UIApplicationSupportsIndirectInputEvents = YES;
				INFOPLIST_KEY_UILaunchStoryboardName = LaunchScreen;
				INFOPLIST_KEY_UIMainStoryboardFile = "";
				INFOPLIST_KEY_UISupportedInterfaceOrientations = "UIInterfaceOrientationLandscapeLeft UIInterfaceOrientationLandscapeRight UIInterfaceOrientationPortrait";
				INFOPLIST_KEY_UISupportedInterfaceOrientations_iPad = "UIInterfaceOrientationLandscapeLeft UIInterfaceOrientationLandscapeRight UIInterfaceOrientationPortrait UIInterfaceOrientationPortraitUpsideDown";
				LD_RUNPATH_SEARCH_PATHS = (
					"$(inherited)",
					"@executable_path/Frameworks",
				);
				MARKETING_VERSION = 1.0;
				PRODUCT_BUNDLE_IDENTIFIER = ribas.daniel.ChatApp;
				PRODUCT_NAME = "$(TARGET_NAME)";
				SWIFT_EMIT_LOC_STRINGS = YES;
				SWIFT_VERSION = 5.0;
				TARGETED_DEVICE_FAMILY = "1,2";
			};
			name = Debug;
		};
		95F041E129423B2A00818D6B /* Release */ = {
			isa = XCBuildConfiguration;
			buildSettings = {
				ASSETCATALOG_COMPILER_APPICON_NAME = AppIcon;
				ASSETCATALOG_COMPILER_GLOBAL_ACCENT_COLOR_NAME = AccentColor;
				CODE_SIGN_STYLE = Automatic;
				CURRENT_PROJECT_VERSION = 1;
				DEVELOPMENT_TEAM = D2K3SYJK3G;
				GENERATE_INFOPLIST_FILE = YES;
				INFOPLIST_FILE = Main/Info.plist;
				INFOPLIST_KEY_CFBundleDisplayName = ChatApp;
				INFOPLIST_KEY_UIApplicationSupportsIndirectInputEvents = YES;
				INFOPLIST_KEY_UILaunchStoryboardName = LaunchScreen;
				INFOPLIST_KEY_UIMainStoryboardFile = "";
				INFOPLIST_KEY_UISupportedInterfaceOrientations = "UIInterfaceOrientationLandscapeLeft UIInterfaceOrientationLandscapeRight UIInterfaceOrientationPortrait";
				INFOPLIST_KEY_UISupportedInterfaceOrientations_iPad = "UIInterfaceOrientationLandscapeLeft UIInterfaceOrientationLandscapeRight UIInterfaceOrientationPortrait UIInterfaceOrientationPortraitUpsideDown";
				LD_RUNPATH_SEARCH_PATHS = (
					"$(inherited)",
					"@executable_path/Frameworks",
				);
				MARKETING_VERSION = 1.0;
				PRODUCT_BUNDLE_IDENTIFIER = ribas.daniel.ChatApp;
				PRODUCT_NAME = "$(TARGET_NAME)";
				SWIFT_EMIT_LOC_STRINGS = YES;
				SWIFT_VERSION = 5.0;
				TARGETED_DEVICE_FAMILY = "1,2";
			};
			name = Release;
		};
/* End XCBuildConfiguration section */

/* Begin XCConfigurationList section */
		951521BD294A5BDC00FF6175 /* Build configuration list for PBXNativeTarget "Domain" */ = {
			isa = XCConfigurationList;
			buildConfigurations = (
				951521BE294A5BDC00FF6175 /* Debug */,
				951521BF294A5BDC00FF6175 /* Release */,
			);
			defaultConfigurationIsVisible = 0;
			defaultConfigurationName = Release;
		};
		9562B865294B40DC00F6BCC3 /* Build configuration list for PBXNativeTarget "DomainTests" */ = {
			isa = XCConfigurationList;
			buildConfigurations = (
				9562B863294B40DC00F6BCC3 /* Debug */,
				9562B864294B40DC00F6BCC3 /* Release */,
			);
			defaultConfigurationIsVisible = 0;
			defaultConfigurationName = Release;
		};
		95F041AE294238D400818D6B /* Build configuration list for PBXProject "ChatApp" */ = {
			isa = XCConfigurationList;
			buildConfigurations = (
				95F041C5294238D600818D6B /* Debug */,
				95F041C6294238D600818D6B /* Release */,
			);
			defaultConfigurationIsVisible = 0;
			defaultConfigurationName = Release;
		};
		95F041DF29423B2A00818D6B /* Build configuration list for PBXNativeTarget "Main" */ = {
			isa = XCConfigurationList;
			buildConfigurations = (
				95F041E029423B2A00818D6B /* Debug */,
				95F041E129423B2A00818D6B /* Release */,
			);
			defaultConfigurationIsVisible = 0;
			defaultConfigurationName = Release;
		};
/* End XCConfigurationList section */

/* Begin XCRemoteSwiftPackageReference section */
		9514FC0C2A2E7B3500137A65 /* XCRemoteSwiftPackageReference "RxSwift" */ = {
			isa = XCRemoteSwiftPackageReference;
			repositoryURL = "https://github.com/ReactiveX/RxSwift";
			requirement = {
				kind = upToNextMajorVersion;
				minimumVersion = 6.0.0;
			};
		};
		951521A22948B62800FF6175 /* XCRemoteSwiftPackageReference "SnapKit" */ = {
			isa = XCRemoteSwiftPackageReference;
			repositoryURL = "https://github.com/SnapKit/SnapKit";
			requirement = {
				kind = upToNextMajorVersion;
				minimumVersion = 5.0.0;
			};
		};
		952A57D22A09663F00FFAEA5 /* XCRemoteSwiftPackageReference "firebase-ios-sdk" */ = {
			isa = XCRemoteSwiftPackageReference;
			repositoryURL = "https://github.com/firebase/firebase-ios-sdk";
			requirement = {
				kind = upToNextMajorVersion;
				minimumVersion = 10.0.0;
			};
		};
		95726FDC2A59C6500041F813 /* XCRemoteSwiftPackageReference "SDWebImage" */ = {
			isa = XCRemoteSwiftPackageReference;
			repositoryURL = "https://github.com/SDWebImage/SDWebImage";
			requirement = {
				kind = upToNextMajorVersion;
				minimumVersion = 5.0.0;
			};
		};
/* End XCRemoteSwiftPackageReference section */

/* Begin XCSwiftPackageProductDependency section */
		9514FC0D2A2E7B3500137A65 /* RxCocoa */ = {
			isa = XCSwiftPackageProductDependency;
			package = 9514FC0C2A2E7B3500137A65 /* XCRemoteSwiftPackageReference "RxSwift" */;
			productName = RxCocoa;
		};
		9514FC0F2A2E7B3500137A65 /* RxRelay */ = {
			isa = XCSwiftPackageProductDependency;
			package = 9514FC0C2A2E7B3500137A65 /* XCRemoteSwiftPackageReference "RxSwift" */;
			productName = RxRelay;
		};
		9514FC112A2E7B3500137A65 /* RxSwift */ = {
			isa = XCSwiftPackageProductDependency;
			package = 9514FC0C2A2E7B3500137A65 /* XCRemoteSwiftPackageReference "RxSwift" */;
			productName = RxSwift;
		};
		9514FC132A2E7BCF00137A65 /* RxSwift */ = {
			isa = XCSwiftPackageProductDependency;
			package = 9514FC0C2A2E7B3500137A65 /* XCRemoteSwiftPackageReference "RxSwift" */;
			productName = RxSwift;
		};
		951521A32948B62800FF6175 /* SnapKit */ = {
			isa = XCSwiftPackageProductDependency;
			package = 951521A22948B62800FF6175 /* XCRemoteSwiftPackageReference "SnapKit" */;
			productName = SnapKit;
		};
		952A57D32A09663F00FFAEA5 /* FirebaseAuth */ = {
			isa = XCSwiftPackageProductDependency;
			package = 952A57D22A09663F00FFAEA5 /* XCRemoteSwiftPackageReference "firebase-ios-sdk" */;
			productName = FirebaseAuth;
		};
		952A57D52A09663F00FFAEA5 /* FirebaseDatabase */ = {
			isa = XCSwiftPackageProductDependency;
			package = 952A57D22A09663F00FFAEA5 /* XCRemoteSwiftPackageReference "firebase-ios-sdk" */;
			productName = FirebaseDatabase;
		};
		952A57D72A09663F00FFAEA5 /* FirebaseMessaging */ = {
			isa = XCSwiftPackageProductDependency;
			package = 952A57D22A09663F00FFAEA5 /* XCRemoteSwiftPackageReference "firebase-ios-sdk" */;
			productName = FirebaseMessaging;
		};
		95726FDD2A59C6500041F813 /* SDWebImage */ = {
			isa = XCSwiftPackageProductDependency;
			package = 95726FDC2A59C6500041F813 /* XCRemoteSwiftPackageReference "SDWebImage" */;
			productName = SDWebImage;
		};
/* End XCSwiftPackageProductDependency section */
	};
	rootObject = 95F041AB294238D400818D6B /* Project object */;
}
