// !$*UTF8*$!
{
	archiveVersion = 1;
	classes = {
	};
	objectVersion = 56;
	objects = {

/* Begin PBXBuildFile section */
		951521A42948B62800FF6175 /* SnapKit in Frameworks */ = {isa = PBXBuildFile; productRef = 951521A32948B62800FF6175 /* SnapKit */; };
		951521A72948BDAF00FF6175 /* TextFieldContainer.swift in Sources */ = {isa = PBXBuildFile; fileRef = 951521A62948BDAF00FF6175 /* TextFieldContainer.swift */; };
		951521AA2948F7A900FF6175 /* SignUpViewController.swift in Sources */ = {isa = PBXBuildFile; fileRef = 951521A92948F7A900FF6175 /* SignUpViewController.swift */; };
		951521AC2948F7C100FF6175 /* SignUpView.swift in Sources */ = {isa = PBXBuildFile; fileRef = 951521AB2948F7C100FF6175 /* SignUpView.swift */; };
		951521AF2949FF1800FF6175 /* Coordinator.swift in Sources */ = {isa = PBXBuildFile; fileRef = 951521AE2949FF1800FF6175 /* Coordinator.swift */; };
		951521B1294A0EDC00FF6175 /* AppCoordinator.swift in Sources */ = {isa = PBXBuildFile; fileRef = 951521B0294A0EDC00FF6175 /* AppCoordinator.swift */; };
		951521B3294A3E2D00FF6175 /* AuthCoordinator.swift in Sources */ = {isa = PBXBuildFile; fileRef = 951521B2294A3E2D00FF6175 /* AuthCoordinator.swift */; };
		951521C1294A5C1D00FF6175 /* Domain.framework in Frameworks */ = {isa = PBXBuildFile; fileRef = 951521B9294A5BDC00FF6175 /* Domain.framework */; };
		951521C8294A5C6100FF6175 /* ValidateEmailAddress.swift in Sources */ = {isa = PBXBuildFile; fileRef = 951521C7294A5C6100FF6175 /* ValidateEmailAddress.swift */; };
		9562B85F294B40DC00F6BCC3 /* ValidateEmailAddressTests.swift in Sources */ = {isa = PBXBuildFile; fileRef = 9562B85E294B40DC00F6BCC3 /* ValidateEmailAddressTests.swift */; };
		9562B860294B40DC00F6BCC3 /* Domain.framework in Frameworks */ = {isa = PBXBuildFile; fileRef = 951521B9294A5BDC00FF6175 /* Domain.framework */; };
		9562B869294BB28300F6BCC3 /* ValidationResult.swift in Sources */ = {isa = PBXBuildFile; fileRef = 9562B868294BB28300F6BCC3 /* ValidationResult.swift */; };
		9562B86C294BB2FA00F6BCC3 /* ValidatePassword.swift in Sources */ = {isa = PBXBuildFile; fileRef = 9562B86B294BB2FA00F6BCC3 /* ValidatePassword.swift */; };
		9562B86E294BB43C00F6BCC3 /* ValidateName.swift in Sources */ = {isa = PBXBuildFile; fileRef = 9562B86D294BB43C00F6BCC3 /* ValidateName.swift */; };
		9562B870294CAB6600F6BCC3 /* ValidatePasswordTests.swift in Sources */ = {isa = PBXBuildFile; fileRef = 9562B86F294CAB6600F6BCC3 /* ValidatePasswordTests.swift */; };
		95735D37294265DD0031B2C4 /* LoginViewController.swift in Sources */ = {isa = PBXBuildFile; fileRef = 95735D36294265DD0031B2C4 /* LoginViewController.swift */; };
		95735D39294265F50031B2C4 /* LoginView.swift in Sources */ = {isa = PBXBuildFile; fileRef = 95735D38294265F50031B2C4 /* LoginView.swift */; };
		95F041D129423B2900818D6B /* AppDelegate.swift in Sources */ = {isa = PBXBuildFile; fileRef = 95F041D029423B2900818D6B /* AppDelegate.swift */; };
		95F041D329423B2900818D6B /* SceneDelegate.swift in Sources */ = {isa = PBXBuildFile; fileRef = 95F041D229423B2900818D6B /* SceneDelegate.swift */; };
		95F041DA29423B2A00818D6B /* Assets.xcassets in Resources */ = {isa = PBXBuildFile; fileRef = 95F041D929423B2A00818D6B /* Assets.xcassets */; };
		95F041DD29423B2A00818D6B /* LaunchScreen.storyboard in Resources */ = {isa = PBXBuildFile; fileRef = 95F041DB29423B2A00818D6B /* LaunchScreen.storyboard */; };
		95F041E729423D8F00818D6B /* ViewCodable.swift in Sources */ = {isa = PBXBuildFile; fileRef = 95F041E629423D8F00818D6B /* ViewCodable.swift */; };
		95F041EA29423EDF00818D6B /* RxCocoa in Frameworks */ = {isa = PBXBuildFile; productRef = 95F041E929423EDF00818D6B /* RxCocoa */; };
		95F041EC29423EDF00818D6B /* RxRelay in Frameworks */ = {isa = PBXBuildFile; productRef = 95F041EB29423EDF00818D6B /* RxRelay */; };
		95F041EE29423EDF00818D6B /* RxSwift in Frameworks */ = {isa = PBXBuildFile; productRef = 95F041ED29423EDF00818D6B /* RxSwift */; };
		95F041F029423EEE00818D6B /* SceneViewController.swift in Sources */ = {isa = PBXBuildFile; fileRef = 95F041EF29423EEE00818D6B /* SceneViewController.swift */; };
		95F041F229423FD100818D6B /* UIViewCodable.swift in Sources */ = {isa = PBXBuildFile; fileRef = 95F041F129423FD100818D6B /* UIViewCodable.swift */; };
		95F4DE38294CEB63004176AF /* LoginViewModel.swift in Sources */ = {isa = PBXBuildFile; fileRef = 95F4DE37294CEB63004176AF /* LoginViewModel.swift */; };
/* End PBXBuildFile section */

/* Begin PBXContainerItemProxy section */
		951521C3294A5C1D00FF6175 /* PBXContainerItemProxy */ = {
			isa = PBXContainerItemProxy;
			containerPortal = 95F041AB294238D400818D6B /* Project object */;
			proxyType = 1;
			remoteGlobalIDString = 951521B8294A5BDC00FF6175;
			remoteInfo = Domain;
		};
		9562B861294B40DC00F6BCC3 /* PBXContainerItemProxy */ = {
			isa = PBXContainerItemProxy;
			containerPortal = 95F041AB294238D400818D6B /* Project object */;
			proxyType = 1;
			remoteGlobalIDString = 951521B8294A5BDC00FF6175;
			remoteInfo = Domain;
		};
/* End PBXContainerItemProxy section */

/* Begin PBXFileReference section */
		951521A62948BDAF00FF6175 /* TextFieldContainer.swift */ = {isa = PBXFileReference; lastKnownFileType = sourcecode.swift; path = TextFieldContainer.swift; sourceTree = "<group>"; };
		951521A92948F7A900FF6175 /* SignUpViewController.swift */ = {isa = PBXFileReference; lastKnownFileType = sourcecode.swift; path = SignUpViewController.swift; sourceTree = "<group>"; };
		951521AB2948F7C100FF6175 /* SignUpView.swift */ = {isa = PBXFileReference; lastKnownFileType = sourcecode.swift; path = SignUpView.swift; sourceTree = "<group>"; };
		951521AE2949FF1800FF6175 /* Coordinator.swift */ = {isa = PBXFileReference; lastKnownFileType = sourcecode.swift; path = Coordinator.swift; sourceTree = "<group>"; };
		951521B0294A0EDC00FF6175 /* AppCoordinator.swift */ = {isa = PBXFileReference; lastKnownFileType = sourcecode.swift; path = AppCoordinator.swift; sourceTree = "<group>"; };
		951521B2294A3E2D00FF6175 /* AuthCoordinator.swift */ = {isa = PBXFileReference; lastKnownFileType = sourcecode.swift; path = AuthCoordinator.swift; sourceTree = "<group>"; };
		951521B9294A5BDC00FF6175 /* Domain.framework */ = {isa = PBXFileReference; explicitFileType = wrapper.framework; includeInIndex = 0; path = Domain.framework; sourceTree = BUILT_PRODUCTS_DIR; };
		951521C7294A5C6100FF6175 /* ValidateEmailAddress.swift */ = {isa = PBXFileReference; lastKnownFileType = sourcecode.swift; path = ValidateEmailAddress.swift; sourceTree = "<group>"; };
		9562B85C294B40DC00F6BCC3 /* DomainTests.xctest */ = {isa = PBXFileReference; explicitFileType = wrapper.cfbundle; includeInIndex = 0; path = DomainTests.xctest; sourceTree = BUILT_PRODUCTS_DIR; };
		9562B85E294B40DC00F6BCC3 /* ValidateEmailAddressTests.swift */ = {isa = PBXFileReference; lastKnownFileType = sourcecode.swift; path = ValidateEmailAddressTests.swift; sourceTree = "<group>"; };
		9562B868294BB28300F6BCC3 /* ValidationResult.swift */ = {isa = PBXFileReference; lastKnownFileType = sourcecode.swift; path = ValidationResult.swift; sourceTree = "<group>"; };
		9562B86B294BB2FA00F6BCC3 /* ValidatePassword.swift */ = {isa = PBXFileReference; lastKnownFileType = sourcecode.swift; path = ValidatePassword.swift; sourceTree = "<group>"; };
		9562B86D294BB43C00F6BCC3 /* ValidateName.swift */ = {isa = PBXFileReference; lastKnownFileType = sourcecode.swift; path = ValidateName.swift; sourceTree = "<group>"; };
		9562B86F294CAB6600F6BCC3 /* ValidatePasswordTests.swift */ = {isa = PBXFileReference; lastKnownFileType = sourcecode.swift; path = ValidatePasswordTests.swift; sourceTree = "<group>"; };
		95735D36294265DD0031B2C4 /* LoginViewController.swift */ = {isa = PBXFileReference; lastKnownFileType = sourcecode.swift; path = LoginViewController.swift; sourceTree = "<group>"; };
		95735D38294265F50031B2C4 /* LoginView.swift */ = {isa = PBXFileReference; lastKnownFileType = sourcecode.swift; path = LoginView.swift; sourceTree = "<group>"; };
		95F041CE29423B2900818D6B /* Main.app */ = {isa = PBXFileReference; explicitFileType = wrapper.application; includeInIndex = 0; path = Main.app; sourceTree = BUILT_PRODUCTS_DIR; };
		95F041D029423B2900818D6B /* AppDelegate.swift */ = {isa = PBXFileReference; lastKnownFileType = sourcecode.swift; path = AppDelegate.swift; sourceTree = "<group>"; };
		95F041D229423B2900818D6B /* SceneDelegate.swift */ = {isa = PBXFileReference; lastKnownFileType = sourcecode.swift; path = SceneDelegate.swift; sourceTree = "<group>"; };
		95F041D929423B2A00818D6B /* Assets.xcassets */ = {isa = PBXFileReference; lastKnownFileType = folder.assetcatalog; path = Assets.xcassets; sourceTree = "<group>"; };
		95F041DC29423B2A00818D6B /* Base */ = {isa = PBXFileReference; lastKnownFileType = file.storyboard; name = Base; path = Base.lproj/LaunchScreen.storyboard; sourceTree = "<group>"; };
		95F041DE29423B2A00818D6B /* Info.plist */ = {isa = PBXFileReference; lastKnownFileType = text.plist.xml; path = Info.plist; sourceTree = "<group>"; };
		95F041E629423D8F00818D6B /* ViewCodable.swift */ = {isa = PBXFileReference; lastKnownFileType = sourcecode.swift; path = ViewCodable.swift; sourceTree = "<group>"; };
		95F041EF29423EEE00818D6B /* SceneViewController.swift */ = {isa = PBXFileReference; lastKnownFileType = sourcecode.swift; path = SceneViewController.swift; sourceTree = "<group>"; };
		95F041F129423FD100818D6B /* UIViewCodable.swift */ = {isa = PBXFileReference; lastKnownFileType = sourcecode.swift; path = UIViewCodable.swift; sourceTree = "<group>"; };
		95F4DE37294CEB63004176AF /* LoginViewModel.swift */ = {isa = PBXFileReference; lastKnownFileType = sourcecode.swift; path = LoginViewModel.swift; sourceTree = "<group>"; };
/* End PBXFileReference section */

/* Begin PBXFrameworksBuildPhase section */
		951521B6294A5BDC00FF6175 /* Frameworks */ = {
			isa = PBXFrameworksBuildPhase;
			buildActionMask = 2147483647;
			files = (
			);
			runOnlyForDeploymentPostprocessing = 0;
		};
		9562B859294B40DC00F6BCC3 /* Frameworks */ = {
			isa = PBXFrameworksBuildPhase;
			buildActionMask = 2147483647;
			files = (
				9562B860294B40DC00F6BCC3 /* Domain.framework in Frameworks */,
			);
			runOnlyForDeploymentPostprocessing = 0;
		};
		95F041CB29423B2900818D6B /* Frameworks */ = {
			isa = PBXFrameworksBuildPhase;
			buildActionMask = 2147483647;
			files = (
				951521C1294A5C1D00FF6175 /* Domain.framework in Frameworks */,
				95F041EE29423EDF00818D6B /* RxSwift in Frameworks */,
				951521A42948B62800FF6175 /* SnapKit in Frameworks */,
				95F041EC29423EDF00818D6B /* RxRelay in Frameworks */,
				95F041EA29423EDF00818D6B /* RxCocoa in Frameworks */,
			);
			runOnlyForDeploymentPostprocessing = 0;
		};
/* End PBXFrameworksBuildPhase section */

/* Begin PBXGroup section */
		951521A52948BD6300FF6175 /* Components */ = {
			isa = PBXGroup;
			children = (
				951521A62948BDAF00FF6175 /* TextFieldContainer.swift */,
			);
			path = Components;
			sourceTree = "<group>";
		};
		951521A82948F78D00FF6175 /* SignUp */ = {
			isa = PBXGroup;
			children = (
				951521A92948F7A900FF6175 /* SignUpViewController.swift */,
				951521AB2948F7C100FF6175 /* SignUpView.swift */,
			);
			path = SignUp;
			sourceTree = "<group>";
		};
		951521AD2949FF0F00FF6175 /* Utils */ = {
			isa = PBXGroup;
			children = (
				951521AE2949FF1800FF6175 /* Coordinator.swift */,
			);
			path = Utils;
			sourceTree = "<group>";
		};
		951521BA294A5BDC00FF6175 /* Domain */ = {
			isa = PBXGroup;
			children = (
				9562B867294BB27600F6BCC3 /* Model */,
				951521C6294A5C3E00FF6175 /* UseCases */,
			);
			path = Domain;
			sourceTree = "<group>";
		};
		951521C0294A5C1D00FF6175 /* Frameworks */ = {
			isa = PBXGroup;
			children = (
			);
			name = Frameworks;
			sourceTree = "<group>";
		};
		951521C6294A5C3E00FF6175 /* UseCases */ = {
			isa = PBXGroup;
			children = (
				951521C7294A5C6100FF6175 /* ValidateEmailAddress.swift */,
				9562B86B294BB2FA00F6BCC3 /* ValidatePassword.swift */,
				9562B86D294BB43C00F6BCC3 /* ValidateName.swift */,
			);
			path = UseCases;
			sourceTree = "<group>";
		};
		9562B85D294B40DC00F6BCC3 /* DomainTests */ = {
			isa = PBXGroup;
			children = (
				9562B866294B412200F6BCC3 /* UseCases */,
			);
			path = DomainTests;
			sourceTree = "<group>";
		};
		9562B866294B412200F6BCC3 /* UseCases */ = {
			isa = PBXGroup;
			children = (
				9562B85E294B40DC00F6BCC3 /* ValidateEmailAddressTests.swift */,
				9562B86F294CAB6600F6BCC3 /* ValidatePasswordTests.swift */,
			);
			path = UseCases;
			sourceTree = "<group>";
		};
		9562B867294BB27600F6BCC3 /* Model */ = {
			isa = PBXGroup;
			children = (
				9562B868294BB28300F6BCC3 /* ValidationResult.swift */,
			);
			path = Model;
			sourceTree = "<group>";
		};
		95735D34294263BF0031B2C4 /* Auth */ = {
			isa = PBXGroup;
			children = (
				951521A82948F78D00FF6175 /* SignUp */,
				95735D35294265AB0031B2C4 /* Login */,
				951521B2294A3E2D00FF6175 /* AuthCoordinator.swift */,
			);
			path = Auth;
			sourceTree = "<group>";
		};
		95735D35294265AB0031B2C4 /* Login */ = {
			isa = PBXGroup;
			children = (
				95735D36294265DD0031B2C4 /* LoginViewController.swift */,
				95735D38294265F50031B2C4 /* LoginView.swift */,
				95F4DE37294CEB63004176AF /* LoginViewModel.swift */,
			);
			path = Login;
			sourceTree = "<group>";
		};
		95F041AA294238D400818D6B = {
			isa = PBXGroup;
			children = (
				95F041CF29423B2900818D6B /* Main */,
				951521BA294A5BDC00FF6175 /* Domain */,
				9562B85D294B40DC00F6BCC3 /* DomainTests */,
				95F041B4294238D400818D6B /* Products */,
				951521C0294A5C1D00FF6175 /* Frameworks */,
			);
			sourceTree = "<group>";
		};
		95F041B4294238D400818D6B /* Products */ = {
			isa = PBXGroup;
			children = (
				95F041CE29423B2900818D6B /* Main.app */,
				951521B9294A5BDC00FF6175 /* Domain.framework */,
				9562B85C294B40DC00F6BCC3 /* DomainTests.xctest */,
			);
			name = Products;
			sourceTree = "<group>";
		};
		95F041CF29423B2900818D6B /* Main */ = {
			isa = PBXGroup;
			children = (
				951521AD2949FF0F00FF6175 /* Utils */,
				95F041E229423B3200818D6B /* Application */,
				95F041E329423B4000818D6B /* Scenes */,
				95F041E429423B5600818D6B /* Files */,
			);
			path = Main;
			sourceTree = "<group>";
		};
		95F041E229423B3200818D6B /* Application */ = {
			isa = PBXGroup;
			children = (
				95F041D029423B2900818D6B /* AppDelegate.swift */,
				95F041D229423B2900818D6B /* SceneDelegate.swift */,
				951521B0294A0EDC00FF6175 /* AppCoordinator.swift */,
			);
			path = Application;
			sourceTree = "<group>";
		};
		95F041E329423B4000818D6B /* Scenes */ = {
			isa = PBXGroup;
			children = (
				95735D34294263BF0031B2C4 /* Auth */,
				95F041E529423D7E00818D6B /* Common */,
			);
			path = Scenes;
			sourceTree = "<group>";
		};
		95F041E429423B5600818D6B /* Files */ = {
			isa = PBXGroup;
			children = (
				95F041D929423B2A00818D6B /* Assets.xcassets */,
				95F041DB29423B2A00818D6B /* LaunchScreen.storyboard */,
				95F041DE29423B2A00818D6B /* Info.plist */,
			);
			name = Files;
			sourceTree = "<group>";
		};
		95F041E529423D7E00818D6B /* Common */ = {
			isa = PBXGroup;
			children = (
				951521A52948BD6300FF6175 /* Components */,
				95F041E629423D8F00818D6B /* ViewCodable.swift */,
				95F041EF29423EEE00818D6B /* SceneViewController.swift */,
				95F041F129423FD100818D6B /* UIViewCodable.swift */,
			);
			path = Common;
			sourceTree = "<group>";
		};
/* End PBXGroup section */

/* Begin PBXHeadersBuildPhase section */
		951521B4294A5BDC00FF6175 /* Headers */ = {
			isa = PBXHeadersBuildPhase;
			buildActionMask = 2147483647;
			files = (
			);
			runOnlyForDeploymentPostprocessing = 0;
		};
/* End PBXHeadersBuildPhase section */

/* Begin PBXNativeTarget section */
		951521B8294A5BDC00FF6175 /* Domain */ = {
			isa = PBXNativeTarget;
			buildConfigurationList = 951521BD294A5BDC00FF6175 /* Build configuration list for PBXNativeTarget "Domain" */;
			buildPhases = (
				951521B4294A5BDC00FF6175 /* Headers */,
				951521B5294A5BDC00FF6175 /* Sources */,
				951521B6294A5BDC00FF6175 /* Frameworks */,
				951521B7294A5BDC00FF6175 /* Resources */,
			);
			buildRules = (
			);
			dependencies = (
			);
			name = Domain;
			productName = Domain;
			productReference = 951521B9294A5BDC00FF6175 /* Domain.framework */;
			productType = "com.apple.product-type.framework";
		};
		9562B85B294B40DC00F6BCC3 /* DomainTests */ = {
			isa = PBXNativeTarget;
			buildConfigurationList = 9562B865294B40DC00F6BCC3 /* Build configuration list for PBXNativeTarget "DomainTests" */;
			buildPhases = (
				9562B858294B40DC00F6BCC3 /* Sources */,
				9562B859294B40DC00F6BCC3 /* Frameworks */,
				9562B85A294B40DC00F6BCC3 /* Resources */,
			);
			buildRules = (
			);
			dependencies = (
				9562B862294B40DC00F6BCC3 /* PBXTargetDependency */,
			);
			name = DomainTests;
			productName = DomainTests;
			productReference = 9562B85C294B40DC00F6BCC3 /* DomainTests.xctest */;
			productType = "com.apple.product-type.bundle.unit-test";
		};
		95F041CD29423B2900818D6B /* Main */ = {
			isa = PBXNativeTarget;
			buildConfigurationList = 95F041DF29423B2A00818D6B /* Build configuration list for PBXNativeTarget "Main" */;
			buildPhases = (
				95F041CA29423B2900818D6B /* Sources */,
				95F041CB29423B2900818D6B /* Frameworks */,
				95F041CC29423B2900818D6B /* Resources */,
			);
			buildRules = (
			);
			dependencies = (
				951521C4294A5C1D00FF6175 /* PBXTargetDependency */,
			);
			name = Main;
			packageProductDependencies = (
				95F041E929423EDF00818D6B /* RxCocoa */,
				95F041EB29423EDF00818D6B /* RxRelay */,
				95F041ED29423EDF00818D6B /* RxSwift */,
				951521A32948B62800FF6175 /* SnapKit */,
			);
			productName = Main;
			productReference = 95F041CE29423B2900818D6B /* Main.app */;
			productType = "com.apple.product-type.application";
		};
/* End PBXNativeTarget section */

/* Begin PBXProject section */
		95F041AB294238D400818D6B /* Project object */ = {
			isa = PBXProject;
			attributes = {
				BuildIndependentTargetsInParallel = 1;
				LastSwiftUpdateCheck = 1420;
				LastUpgradeCheck = 1410;
				TargetAttributes = {
					951521B8294A5BDC00FF6175 = {
						CreatedOnToolsVersion = 14.1;
						LastSwiftMigration = 1410;
					};
					9562B85B294B40DC00F6BCC3 = {
						CreatedOnToolsVersion = 14.2;
					};
					95F041CD29423B2900818D6B = {
						CreatedOnToolsVersion = 14.1;
					};
				};
			};
			buildConfigurationList = 95F041AE294238D400818D6B /* Build configuration list for PBXProject "ChatApp" */;
			compatibilityVersion = "Xcode 14.0";
			developmentRegion = en;
			hasScannedForEncodings = 0;
			knownRegions = (
				en,
				Base,
			);
			mainGroup = 95F041AA294238D400818D6B;
			packageReferences = (
				95F041E829423EDF00818D6B /* XCRemoteSwiftPackageReference "RxSwift" */,
				951521A22948B62800FF6175 /* XCRemoteSwiftPackageReference "SnapKit" */,
			);
			productRefGroup = 95F041B4294238D400818D6B /* Products */;
			projectDirPath = "";
			projectRoot = "";
			targets = (
				95F041CD29423B2900818D6B /* Main */,
				951521B8294A5BDC00FF6175 /* Domain */,
				9562B85B294B40DC00F6BCC3 /* DomainTests */,
			);
		};
/* End PBXProject section */

/* Begin PBXResourcesBuildPhase section */
		951521B7294A5BDC00FF6175 /* Resources */ = {
			isa = PBXResourcesBuildPhase;
			buildActionMask = 2147483647;
			files = (
			);
			runOnlyForDeploymentPostprocessing = 0;
		};
		9562B85A294B40DC00F6BCC3 /* Resources */ = {
			isa = PBXResourcesBuildPhase;
			buildActionMask = 2147483647;
			files = (
			);
			runOnlyForDeploymentPostprocessing = 0;
		};
		95F041CC29423B2900818D6B /* Resources */ = {
			isa = PBXResourcesBuildPhase;
			buildActionMask = 2147483647;
			files = (
				95F041DD29423B2A00818D6B /* LaunchScreen.storyboard in Resources */,
				95F041DA29423B2A00818D6B /* Assets.xcassets in Resources */,
			);
			runOnlyForDeploymentPostprocessing = 0;
		};
/* End PBXResourcesBuildPhase section */

/* Begin PBXSourcesBuildPhase section */
		951521B5294A5BDC00FF6175 /* Sources */ = {
			isa = PBXSourcesBuildPhase;
			buildActionMask = 2147483647;
			files = (
				9562B86E294BB43C00F6BCC3 /* ValidateName.swift in Sources */,
				951521C8294A5C6100FF6175 /* ValidateEmailAddress.swift in Sources */,
				9562B869294BB28300F6BCC3 /* ValidationResult.swift in Sources */,
				9562B86C294BB2FA00F6BCC3 /* ValidatePassword.swift in Sources */,
			);
			runOnlyForDeploymentPostprocessing = 0;
		};
		9562B858294B40DC00F6BCC3 /* Sources */ = {
			isa = PBXSourcesBuildPhase;
			buildActionMask = 2147483647;
			files = (
				9562B870294CAB6600F6BCC3 /* ValidatePasswordTests.swift in Sources */,
				9562B85F294B40DC00F6BCC3 /* ValidateEmailAddressTests.swift in Sources */,
			);
			runOnlyForDeploymentPostprocessing = 0;
		};
		95F041CA29423B2900818D6B /* Sources */ = {
			isa = PBXSourcesBuildPhase;
			buildActionMask = 2147483647;
			files = (
				951521B1294A0EDC00FF6175 /* AppCoordinator.swift in Sources */,
				951521B3294A3E2D00FF6175 /* AuthCoordinator.swift in Sources */,
				95F4DE38294CEB63004176AF /* LoginViewModel.swift in Sources */,
				95F041F029423EEE00818D6B /* SceneViewController.swift in Sources */,
				95F041E729423D8F00818D6B /* ViewCodable.swift in Sources */,
				95735D39294265F50031B2C4 /* LoginView.swift in Sources */,
				95F041D129423B2900818D6B /* AppDelegate.swift in Sources */,
				95735D37294265DD0031B2C4 /* LoginViewController.swift in Sources */,
				95F041D329423B2900818D6B /* SceneDelegate.swift in Sources */,
				951521AF2949FF1800FF6175 /* Coordinator.swift in Sources */,
				951521AC2948F7C100FF6175 /* SignUpView.swift in Sources */,
				951521AA2948F7A900FF6175 /* SignUpViewController.swift in Sources */,
				95F041F229423FD100818D6B /* UIViewCodable.swift in Sources */,
				951521A72948BDAF00FF6175 /* TextFieldContainer.swift in Sources */,
			);
			runOnlyForDeploymentPostprocessing = 0;
		};
/* End PBXSourcesBuildPhase section */

/* Begin PBXTargetDependency section */
		951521C4294A5C1D00FF6175 /* PBXTargetDependency */ = {
			isa = PBXTargetDependency;
			target = 951521B8294A5BDC00FF6175 /* Domain */;
			targetProxy = 951521C3294A5C1D00FF6175 /* PBXContainerItemProxy */;
		};
		9562B862294B40DC00F6BCC3 /* PBXTargetDependency */ = {
			isa = PBXTargetDependency;
			target = 951521B8294A5BDC00FF6175 /* Domain */;
			targetProxy = 9562B861294B40DC00F6BCC3 /* PBXContainerItemProxy */;
		};
/* End PBXTargetDependency section */

/* Begin PBXVariantGroup section */
		95F041DB29423B2A00818D6B /* LaunchScreen.storyboard */ = {
			isa = PBXVariantGroup;
			children = (
				95F041DC29423B2A00818D6B /* Base */,
			);
			name = LaunchScreen.storyboard;
			sourceTree = "<group>";
		};
/* End PBXVariantGroup section */

/* Begin XCBuildConfiguration section */
		951521BE294A5BDC00FF6175 /* Debug */ = {
			isa = XCBuildConfiguration;
			buildSettings = {
				CLANG_ENABLE_MODULES = YES;
				"CODE_SIGN_IDENTITY[sdk=macosx*]" = "-";
				CODE_SIGN_STYLE = Automatic;
				COMBINE_HIDPI_IMAGES = YES;
				CURRENT_PROJECT_VERSION = 1;
				DEFINES_MODULE = YES;
				DEVELOPMENT_TEAM = D2K3SYJK3G;
				DYLIB_COMPATIBILITY_VERSION = 1;
				DYLIB_CURRENT_VERSION = 1;
				DYLIB_INSTALL_NAME_BASE = "@rpath";
				GENERATE_INFOPLIST_FILE = YES;
				INFOPLIST_KEY_NSHumanReadableCopyright = "";
				INSTALL_PATH = "$(LOCAL_LIBRARY_DIR)/Frameworks";
				LD_RUNPATH_SEARCH_PATHS = (
					"$(inherited)",
					"@executable_path/../Frameworks",
					"@loader_path/Frameworks",
				);
				MACH_O_TYPE = staticlib;
				MACOSX_DEPLOYMENT_TARGET = 13.0;
				MARKETING_VERSION = 1.0;
				PRODUCT_BUNDLE_IDENTIFIER = ribas.daniel.Domain;
				PRODUCT_NAME = "$(TARGET_NAME:c99extidentifier)";
				SDKROOT = macosx;
				SKIP_INSTALL = YES;
				SUPPORTED_PLATFORMS = "iphonesimulator iphoneos macosx";
				SWIFT_EMIT_LOC_STRINGS = YES;
				SWIFT_OPTIMIZATION_LEVEL = "-Onone";
				SWIFT_VERSION = 5.0;
				VERSIONING_SYSTEM = "apple-generic";
				VERSION_INFO_PREFIX = "";
			};
			name = Debug;
		};
		951521BF294A5BDC00FF6175 /* Release */ = {
			isa = XCBuildConfiguration;
			buildSettings = {
				CLANG_ENABLE_MODULES = YES;
				"CODE_SIGN_IDENTITY[sdk=macosx*]" = "-";
				CODE_SIGN_STYLE = Automatic;
				COMBINE_HIDPI_IMAGES = YES;
				CURRENT_PROJECT_VERSION = 1;
				DEFINES_MODULE = YES;
				DEVELOPMENT_TEAM = D2K3SYJK3G;
				DYLIB_COMPATIBILITY_VERSION = 1;
				DYLIB_CURRENT_VERSION = 1;
				DYLIB_INSTALL_NAME_BASE = "@rpath";
				GENERATE_INFOPLIST_FILE = YES;
				INFOPLIST_KEY_NSHumanReadableCopyright = "";
				INSTALL_PATH = "$(LOCAL_LIBRARY_DIR)/Frameworks";
				LD_RUNPATH_SEARCH_PATHS = (
					"$(inherited)",
					"@executable_path/../Frameworks",
					"@loader_path/Frameworks",
				);
				MACH_O_TYPE = staticlib;
				MACOSX_DEPLOYMENT_TARGET = 13.0;
				MARKETING_VERSION = 1.0;
				PRODUCT_BUNDLE_IDENTIFIER = ribas.daniel.Domain;
				PRODUCT_NAME = "$(TARGET_NAME:c99extidentifier)";
				SDKROOT = macosx;
				SKIP_INSTALL = YES;
				SUPPORTED_PLATFORMS = "iphonesimulator iphoneos macosx";
				SWIFT_EMIT_LOC_STRINGS = YES;
				SWIFT_VERSION = 5.0;
				VERSIONING_SYSTEM = "apple-generic";
				VERSION_INFO_PREFIX = "";
			};
			name = Release;
		};
		9562B863294B40DC00F6BCC3 /* Debug */ = {
			isa = XCBuildConfiguration;
			buildSettings = {
				CODE_SIGN_IDENTITY = "Apple Development";
				"CODE_SIGN_IDENTITY[sdk=macosx*]" = "-";
				CODE_SIGN_STYLE = Automatic;
				CURRENT_PROJECT_VERSION = 1;
				DEVELOPMENT_TEAM = D2K3SYJK3G;
				GENERATE_INFOPLIST_FILE = YES;
				MACOSX_DEPLOYMENT_TARGET = 13.0;
				MARKETING_VERSION = 1.0;
				PRODUCT_BUNDLE_IDENTIFIER = ribas.daniel.DomainTests;
				PRODUCT_NAME = "$(TARGET_NAME)";
				PROVISIONING_PROFILE_SPECIFIER = "";
				SDKROOT = macosx;
				SWIFT_EMIT_LOC_STRINGS = NO;
				SWIFT_VERSION = 5.0;
			};
			name = Debug;
		};
		9562B864294B40DC00F6BCC3 /* Release */ = {
			isa = XCBuildConfiguration;
			buildSettings = {
				CODE_SIGN_IDENTITY = "Apple Development";
				"CODE_SIGN_IDENTITY[sdk=macosx*]" = "-";
				CODE_SIGN_STYLE = Automatic;
				CURRENT_PROJECT_VERSION = 1;
				DEVELOPMENT_TEAM = D2K3SYJK3G;
				GENERATE_INFOPLIST_FILE = YES;
				MACOSX_DEPLOYMENT_TARGET = 13.0;
				MARKETING_VERSION = 1.0;
				PRODUCT_BUNDLE_IDENTIFIER = ribas.daniel.DomainTests;
				PRODUCT_NAME = "$(TARGET_NAME)";
				PROVISIONING_PROFILE_SPECIFIER = "";
				SDKROOT = macosx;
				SWIFT_EMIT_LOC_STRINGS = NO;
				SWIFT_VERSION = 5.0;
			};
			name = Release;
		};
		95F041C5294238D600818D6B /* Debug */ = {
			isa = XCBuildConfiguration;
			buildSettings = {
				ALWAYS_SEARCH_USER_PATHS = NO;
				CLANG_ANALYZER_NONNULL = YES;
				CLANG_ANALYZER_NUMBER_OBJECT_CONVERSION = YES_AGGRESSIVE;
				CLANG_CXX_LANGUAGE_STANDARD = "gnu++20";
				CLANG_ENABLE_MODULES = YES;
				CLANG_ENABLE_OBJC_ARC = YES;
				CLANG_ENABLE_OBJC_WEAK = YES;
				CLANG_WARN_BLOCK_CAPTURE_AUTORELEASING = YES;
				CLANG_WARN_BOOL_CONVERSION = YES;
				CLANG_WARN_COMMA = YES;
				CLANG_WARN_CONSTANT_CONVERSION = YES;
				CLANG_WARN_DEPRECATED_OBJC_IMPLEMENTATIONS = YES;
				CLANG_WARN_DIRECT_OBJC_ISA_USAGE = YES_ERROR;
				CLANG_WARN_DOCUMENTATION_COMMENTS = YES;
				CLANG_WARN_EMPTY_BODY = YES;
				CLANG_WARN_ENUM_CONVERSION = YES;
				CLANG_WARN_INFINITE_RECURSION = YES;
				CLANG_WARN_INT_CONVERSION = YES;
				CLANG_WARN_NON_LITERAL_NULL_CONVERSION = YES;
				CLANG_WARN_OBJC_IMPLICIT_RETAIN_SELF = YES;
				CLANG_WARN_OBJC_LITERAL_CONVERSION = YES;
				CLANG_WARN_OBJC_ROOT_CLASS = YES_ERROR;
				CLANG_WARN_QUOTED_INCLUDE_IN_FRAMEWORK_HEADER = YES;
				CLANG_WARN_RANGE_LOOP_ANALYSIS = YES;
				CLANG_WARN_STRICT_PROTOTYPES = YES;
				CLANG_WARN_SUSPICIOUS_MOVE = YES;
				CLANG_WARN_UNGUARDED_AVAILABILITY = YES_AGGRESSIVE;
				CLANG_WARN_UNREACHABLE_CODE = YES;
				CLANG_WARN__DUPLICATE_METHOD_MATCH = YES;
				COPY_PHASE_STRIP = NO;
				DEBUG_INFORMATION_FORMAT = dwarf;
				ENABLE_STRICT_OBJC_MSGSEND = YES;
				ENABLE_TESTABILITY = YES;
				GCC_C_LANGUAGE_STANDARD = gnu11;
				GCC_DYNAMIC_NO_PIC = NO;
				GCC_NO_COMMON_BLOCKS = YES;
				GCC_OPTIMIZATION_LEVEL = 0;
				GCC_PREPROCESSOR_DEFINITIONS = (
					"DEBUG=1",
					"$(inherited)",
				);
				GCC_WARN_64_TO_32_BIT_CONVERSION = YES;
				GCC_WARN_ABOUT_RETURN_TYPE = YES_ERROR;
				GCC_WARN_UNDECLARED_SELECTOR = YES;
				GCC_WARN_UNINITIALIZED_AUTOS = YES_AGGRESSIVE;
				GCC_WARN_UNUSED_FUNCTION = YES;
				GCC_WARN_UNUSED_VARIABLE = YES;
				IPHONEOS_DEPLOYMENT_TARGET = 15.0;
				MTL_ENABLE_DEBUG_INFO = INCLUDE_SOURCE;
				MTL_FAST_MATH = YES;
				ONLY_ACTIVE_ARCH = YES;
				SDKROOT = iphoneos;
				SWIFT_ACTIVE_COMPILATION_CONDITIONS = DEBUG;
				SWIFT_OPTIMIZATION_LEVEL = "-Onone";
			};
			name = Debug;
		};
		95F041C6294238D600818D6B /* Release */ = {
			isa = XCBuildConfiguration;
			buildSettings = {
				ALWAYS_SEARCH_USER_PATHS = NO;
				CLANG_ANALYZER_NONNULL = YES;
				CLANG_ANALYZER_NUMBER_OBJECT_CONVERSION = YES_AGGRESSIVE;
				CLANG_CXX_LANGUAGE_STANDARD = "gnu++20";
				CLANG_ENABLE_MODULES = YES;
				CLANG_ENABLE_OBJC_ARC = YES;
				CLANG_ENABLE_OBJC_WEAK = YES;
				CLANG_WARN_BLOCK_CAPTURE_AUTORELEASING = YES;
				CLANG_WARN_BOOL_CONVERSION = YES;
				CLANG_WARN_COMMA = YES;
				CLANG_WARN_CONSTANT_CONVERSION = YES;
				CLANG_WARN_DEPRECATED_OBJC_IMPLEMENTATIONS = YES;
				CLANG_WARN_DIRECT_OBJC_ISA_USAGE = YES_ERROR;
				CLANG_WARN_DOCUMENTATION_COMMENTS = YES;
				CLANG_WARN_EMPTY_BODY = YES;
				CLANG_WARN_ENUM_CONVERSION = YES;
				CLANG_WARN_INFINITE_RECURSION = YES;
				CLANG_WARN_INT_CONVERSION = YES;
				CLANG_WARN_NON_LITERAL_NULL_CONVERSION = YES;
				CLANG_WARN_OBJC_IMPLICIT_RETAIN_SELF = YES;
				CLANG_WARN_OBJC_LITERAL_CONVERSION = YES;
				CLANG_WARN_OBJC_ROOT_CLASS = YES_ERROR;
				CLANG_WARN_QUOTED_INCLUDE_IN_FRAMEWORK_HEADER = YES;
				CLANG_WARN_RANGE_LOOP_ANALYSIS = YES;
				CLANG_WARN_STRICT_PROTOTYPES = YES;
				CLANG_WARN_SUSPICIOUS_MOVE = YES;
				CLANG_WARN_UNGUARDED_AVAILABILITY = YES_AGGRESSIVE;
				CLANG_WARN_UNREACHABLE_CODE = YES;
				CLANG_WARN__DUPLICATE_METHOD_MATCH = YES;
				COPY_PHASE_STRIP = NO;
				DEBUG_INFORMATION_FORMAT = "dwarf-with-dsym";
				ENABLE_NS_ASSERTIONS = NO;
				ENABLE_STRICT_OBJC_MSGSEND = YES;
				GCC_C_LANGUAGE_STANDARD = gnu11;
				GCC_NO_COMMON_BLOCKS = YES;
				GCC_WARN_64_TO_32_BIT_CONVERSION = YES;
				GCC_WARN_ABOUT_RETURN_TYPE = YES_ERROR;
				GCC_WARN_UNDECLARED_SELECTOR = YES;
				GCC_WARN_UNINITIALIZED_AUTOS = YES_AGGRESSIVE;
				GCC_WARN_UNUSED_FUNCTION = YES;
				GCC_WARN_UNUSED_VARIABLE = YES;
				IPHONEOS_DEPLOYMENT_TARGET = 15.0;
				MTL_ENABLE_DEBUG_INFO = NO;
				MTL_FAST_MATH = YES;
				SDKROOT = iphoneos;
				SWIFT_COMPILATION_MODE = wholemodule;
				SWIFT_OPTIMIZATION_LEVEL = "-O";
				VALIDATE_PRODUCT = YES;
			};
			name = Release;
		};
		95F041E029423B2A00818D6B /* Debug */ = {
			isa = XCBuildConfiguration;
			buildSettings = {
				ASSETCATALOG_COMPILER_APPICON_NAME = AppIcon;
				ASSETCATALOG_COMPILER_GLOBAL_ACCENT_COLOR_NAME = AccentColor;
				CODE_SIGN_STYLE = Automatic;
				CURRENT_PROJECT_VERSION = 1;
				DEVELOPMENT_TEAM = D2K3SYJK3G;
				GENERATE_INFOPLIST_FILE = YES;
				INFOPLIST_FILE = Main/Info.plist;
				INFOPLIST_KEY_CFBundleDisplayName = ChatApp;
				INFOPLIST_KEY_UIApplicationSupportsIndirectInputEvents = YES;
				INFOPLIST_KEY_UILaunchStoryboardName = LaunchScreen;
				INFOPLIST_KEY_UIMainStoryboardFile = "";
				INFOPLIST_KEY_UISupportedInterfaceOrientations = "UIInterfaceOrientationLandscapeLeft UIInterfaceOrientationLandscapeRight UIInterfaceOrientationPortrait";
				INFOPLIST_KEY_UISupportedInterfaceOrientations_iPad = "UIInterfaceOrientationLandscapeLeft UIInterfaceOrientationLandscapeRight UIInterfaceOrientationPortrait UIInterfaceOrientationPortraitUpsideDown";
				LD_RUNPATH_SEARCH_PATHS = (
					"$(inherited)",
					"@executable_path/Frameworks",
				);
				MARKETING_VERSION = 1.0;
				PRODUCT_BUNDLE_IDENTIFIER = ribas.daniel.Main;
				PRODUCT_NAME = "$(TARGET_NAME)";
				SWIFT_EMIT_LOC_STRINGS = YES;
				SWIFT_VERSION = 5.0;
				TARGETED_DEVICE_FAMILY = "1,2";
			};
			name = Debug;
		};
		95F041E129423B2A00818D6B /* Release */ = {
			isa = XCBuildConfiguration;
			buildSettings = {
				ASSETCATALOG_COMPILER_APPICON_NAME = AppIcon;
				ASSETCATALOG_COMPILER_GLOBAL_ACCENT_COLOR_NAME = AccentColor;
				CODE_SIGN_STYLE = Automatic;
				CURRENT_PROJECT_VERSION = 1;
				DEVELOPMENT_TEAM = D2K3SYJK3G;
				GENERATE_INFOPLIST_FILE = YES;
				INFOPLIST_FILE = Main/Info.plist;
				INFOPLIST_KEY_CFBundleDisplayName = ChatApp;
				INFOPLIST_KEY_UIApplicationSupportsIndirectInputEvents = YES;
				INFOPLIST_KEY_UILaunchStoryboardName = LaunchScreen;
				INFOPLIST_KEY_UIMainStoryboardFile = "";
				INFOPLIST_KEY_UISupportedInterfaceOrientations = "UIInterfaceOrientationLandscapeLeft UIInterfaceOrientationLandscapeRight UIInterfaceOrientationPortrait";
				INFOPLIST_KEY_UISupportedInterfaceOrientations_iPad = "UIInterfaceOrientationLandscapeLeft UIInterfaceOrientationLandscapeRight UIInterfaceOrientationPortrait UIInterfaceOrientationPortraitUpsideDown";
				LD_RUNPATH_SEARCH_PATHS = (
					"$(inherited)",
					"@executable_path/Frameworks",
				);
				MARKETING_VERSION = 1.0;
				PRODUCT_BUNDLE_IDENTIFIER = ribas.daniel.Main;
				PRODUCT_NAME = "$(TARGET_NAME)";
				SWIFT_EMIT_LOC_STRINGS = YES;
				SWIFT_VERSION = 5.0;
				TARGETED_DEVICE_FAMILY = "1,2";
			};
			name = Release;
		};
/* End XCBuildConfiguration section */

/* Begin XCConfigurationList section */
		951521BD294A5BDC00FF6175 /* Build configuration list for PBXNativeTarget "Domain" */ = {
			isa = XCConfigurationList;
			buildConfigurations = (
				951521BE294A5BDC00FF6175 /* Debug */,
				951521BF294A5BDC00FF6175 /* Release */,
			);
			defaultConfigurationIsVisible = 0;
			defaultConfigurationName = Release;
		};
		9562B865294B40DC00F6BCC3 /* Build configuration list for PBXNativeTarget "DomainTests" */ = {
			isa = XCConfigurationList;
			buildConfigurations = (
				9562B863294B40DC00F6BCC3 /* Debug */,
				9562B864294B40DC00F6BCC3 /* Release */,
			);
			defaultConfigurationIsVisible = 0;
			defaultConfigurationName = Release;
		};
		95F041AE294238D400818D6B /* Build configuration list for PBXProject "ChatApp" */ = {
			isa = XCConfigurationList;
			buildConfigurations = (
				95F041C5294238D600818D6B /* Debug */,
				95F041C6294238D600818D6B /* Release */,
			);
			defaultConfigurationIsVisible = 0;
			defaultConfigurationName = Release;
		};
		95F041DF29423B2A00818D6B /* Build configuration list for PBXNativeTarget "Main" */ = {
			isa = XCConfigurationList;
			buildConfigurations = (
				95F041E029423B2A00818D6B /* Debug */,
				95F041E129423B2A00818D6B /* Release */,
			);
			defaultConfigurationIsVisible = 0;
			defaultConfigurationName = Release;
		};
/* End XCConfigurationList section */

/* Begin XCRemoteSwiftPackageReference section */
		951521A22948B62800FF6175 /* XCRemoteSwiftPackageReference "SnapKit" */ = {
			isa = XCRemoteSwiftPackageReference;
			repositoryURL = "https://github.com/SnapKit/SnapKit";
			requirement = {
				kind = upToNextMajorVersion;
				minimumVersion = 5.0.0;
			};
		};
		95F041E829423EDF00818D6B /* XCRemoteSwiftPackageReference "RxSwift" */ = {
			isa = XCRemoteSwiftPackageReference;
			repositoryURL = "https://github.com/ReactiveX/RxSwift";
			requirement = {
				kind = upToNextMajorVersion;
				minimumVersion = 6.0.0;
			};
		};
/* End XCRemoteSwiftPackageReference section */

/* Begin XCSwiftPackageProductDependency section */
		951521A32948B62800FF6175 /* SnapKit */ = {
			isa = XCSwiftPackageProductDependency;
			package = 951521A22948B62800FF6175 /* XCRemoteSwiftPackageReference "SnapKit" */;
			productName = SnapKit;
		};
		95F041E929423EDF00818D6B /* RxCocoa */ = {
			isa = XCSwiftPackageProductDependency;
			package = 95F041E829423EDF00818D6B /* XCRemoteSwiftPackageReference "RxSwift" */;
			productName = RxCocoa;
		};
		95F041EB29423EDF00818D6B /* RxRelay */ = {
			isa = XCSwiftPackageProductDependency;
			package = 95F041E829423EDF00818D6B /* XCRemoteSwiftPackageReference "RxSwift" */;
			productName = RxRelay;
		};
		95F041ED29423EDF00818D6B /* RxSwift */ = {
			isa = XCSwiftPackageProductDependency;
			package = 95F041E829423EDF00818D6B /* XCRemoteSwiftPackageReference "RxSwift" */;
			productName = RxSwift;
		};
/* End XCSwiftPackageProductDependency section */
	};
	rootObject = 95F041AB294238D400818D6B /* Project object */;
}
